// !$*UTF8*$!
{
	archiveVersion = 1;
	classes = {
	};
	objectVersion = 54;
	objects = {

/* Begin PBXBuildFile section */
		BF1775062E337EAE00D46975 /* AppKit.json in Resources */ = {isa = PBXBuildFile; fileRef = F1E0904B2D68DE9500F79FA2 /* AppKit.json */; };
		BF1775072E337EB200D46975 /* core.json in Resources */ = {isa = PBXBuildFile; fileRef = F1ACE4162D148B0F00E779A7 /* core.json */; };
		BF1775082E337EB800D46975 /* systemLibraries.json in Resources */ = {isa = PBXBuildFile; fileRef = BFA7AA972D8037A700F2525A /* systemLibraries.json */; };
		BF1775092E337EBC00D46975 /* tlv.json in Resources */ = {isa = PBXBuildFile; fileRef = F18566A92DCDDA3C00D348F0 /* tlv.json */; };
		BF17750B2E33892700D46975 /* CoreFoundation.framework in Frameworks */ = {isa = PBXBuildFile; fileRef = BF17750A2E33892700D46975 /* CoreFoundation.framework */; };
		BF4AEC692E3CBAAB0078E35C /* LeakSanitizer.h in Headers */ = {isa = PBXBuildFile; fileRef = BF4AEC682E3CBAA10078E35C /* LeakSanitizer.h */; settings = {ATTRIBUTES = (Public, ); }; };
		BFB103D82E38CB7100ECECD5 /* bundle.cpp in Sources */ = {isa = PBXBuildFile; fileRef = BFB103D72E38CB7100ECECD5 /* bundle.cpp */; };
		BFB103D92E38CB7100ECECD5 /* bundle.hpp in Headers */ = {isa = PBXBuildFile; fileRef = BFB103D62E38CB7100ECECD5 /* bundle.hpp */; };
		BFCDA7F02E2F7C580029AEC1 /* libcallstack.a in Frameworks */ = {isa = PBXBuildFile; fileRef = BF378FB42919496000A4DAA9 /* libcallstack.a */; };
		BFCDA7F12E2F7CA10029AEC1 /* ObjectPool.cpp in Sources */ = {isa = PBXBuildFile; fileRef = F19C6EA72C51496C00E7E4FA /* ObjectPool.cpp */; };
		BFCDA7F22E2F7CA10029AEC1 /* signalHandlers.cpp in Sources */ = {isa = PBXBuildFile; fileRef = BF49A5D72899599300BC1FFD /* signalHandlers.cpp */; };
		BFCDA7F32E2F7CA10029AEC1 /* signals.cpp in Sources */ = {isa = PBXBuildFile; fileRef = BFAA94522B6C12FF007FC130 /* signals.cpp */; };
		BFCDA7F42E2F7CA10029AEC1 /* wrap_malloc.cpp in Sources */ = {isa = PBXBuildFile; fileRef = BFBF736728832C3300BC4208 /* wrap_malloc.cpp */; };
		BFCDA7F52E2F7CA10029AEC1 /* misc.cpp in Sources */ = {isa = PBXBuildFile; fileRef = BFCF0B252BDD54A900EE259C /* misc.cpp */; };
		BFCDA7F62E2F7CA10029AEC1 /* callstackHelper.cpp in Sources */ = {isa = PBXBuildFile; fileRef = BF3204EC2AC5C614004EC77E /* callstackHelper.cpp */; };
		BFCDA7F72E2F7CA10029AEC1 /* crashWarner.cpp in Sources */ = {isa = PBXBuildFile; fileRef = BF4368F32AACF04700252E2A /* crashWarner.cpp */; };
		BFCDA7F82E2F7CA10029AEC1 /* exceptionHandler.cpp in Sources */ = {isa = PBXBuildFile; fileRef = BF2C5CB02AEAB63600DE2224 /* exceptionHandler.cpp */; };
		BFCDA7F92E2F7CA10029AEC1 /* lsan_stats.cpp in Sources */ = {isa = PBXBuildFile; fileRef = BF23A2DC289ECE6A00B17349 /* lsan_stats.cpp */; };
		BFCDA7FA2E2F7CA10029AEC1 /* AutoStats.cpp in Sources */ = {isa = PBXBuildFile; fileRef = BFE023EE2CA86E7400AEFD5A /* AutoStats.cpp */; };
		BFCDA7FB2E2F7CA10029AEC1 /* parser.cpp in Sources */ = {isa = PBXBuildFile; fileRef = F14B3CDC2D842C4A004768E9 /* parser.cpp */; };
		BFCDA7FC2E2F7CA10029AEC1 /* Suppression.cpp in Sources */ = {isa = PBXBuildFile; fileRef = BFA6CD7B2CD3F3B800959363 /* Suppression.cpp */; };
		BFCDA7FD2E2F7CA10029AEC1 /* defaultSuppression.cpp in Sources */ = {isa = PBXBuildFile; fileRef = F13529AE2D10779B002534D0 /* defaultSuppression.cpp */; };
		BFCDA7FE2E2F7CA10029AEC1 /* firstPartyLibrary.cpp in Sources */ = {isa = PBXBuildFile; fileRef = BF017DC72D76F26900572D07 /* firstPartyLibrary.cpp */; };
		BFCDA7FF2E2F7CA10029AEC1 /* TLSTracker.cpp in Sources */ = {isa = PBXBuildFile; fileRef = BFC817142BEFB36E00332937 /* TLSTracker.cpp */; };
		BFCDA8002E2F7CA10029AEC1 /* bytePrinter.cpp in Sources */ = {isa = PBXBuildFile; fileRef = BF621FE028A2B61E00414EE4 /* bytePrinter.cpp */; };
		BFCDA8012E2F7CA10029AEC1 /* LeakSani.cpp in Sources */ = {isa = PBXBuildFile; fileRef = BF72C3CA2885CB9E00C7AE5C /* LeakSani.cpp */; };
		BFCDA8022E2F7CA10029AEC1 /* MallocInfo.cpp in Sources */ = {isa = PBXBuildFile; fileRef = BFBF736328831FC200BC4208 /* MallocInfo.cpp */; };
		BFCDA8032E2F7CA10029AEC1 /* lsanMisc.cpp in Sources */ = {isa = PBXBuildFile; fileRef = BF84625B2AD1B489003B05F5 /* lsanMisc.cpp */; };
		BFCDA8042E2F7CA10029AEC1 /* ThreadInfo.cpp in Sources */ = {isa = PBXBuildFile; fileRef = BFBF26C72D4402CC0034C570 /* ThreadInfo.cpp */; };
		BFCDA8052E2F7CA10029AEC1 /* timing.cpp in Sources */ = {isa = PBXBuildFile; fileRef = BFD983A62B8A4729003B6CC1 /* timing.cpp */; };
		BFCDA8062E2F7CA10029AEC1 /* lsan_internals.cpp in Sources */ = {isa = PBXBuildFile; fileRef = BF621FDB28A291DE00414EE4 /* lsan_internals.cpp */; };
		BFCDA8072E2F7CDA0029AEC1 /* PoolAllocator.hpp in Headers */ = {isa = PBXBuildFile; fileRef = F19C6EA62C51436A00E7E4FA /* PoolAllocator.hpp */; };
		BFCDA8082E2F7CDA0029AEC1 /* RealAllocator.hpp in Headers */ = {isa = PBXBuildFile; fileRef = F1DB86FA2C5E927A00D6B4F4 /* RealAllocator.hpp */; };
		BFCDA8092E2F7CDA0029AEC1 /* ObjectPool.hpp in Headers */ = {isa = PBXBuildFile; fileRef = F19C6EA82C51496C00E7E4FA /* ObjectPool.hpp */; };
		BFCDA80A2E2F7CDA0029AEC1 /* Behaviour.hpp in Headers */ = {isa = PBXBuildFile; fileRef = BFE023F22CA874D100AEFD5A /* Behaviour.hpp */; };
		BFCDA80B2E2F7CDA0029AEC1 /* helper.hpp in Headers */ = {isa = PBXBuildFile; fileRef = BFE023F62CA8765500AEFD5A /* helper.hpp */; };
		BFCDA80C2E2F7CDA0029AEC1 /* signalHandlers.hpp in Headers */ = {isa = PBXBuildFile; fileRef = BF49A5D82899599300BC1FFD /* signalHandlers.hpp */; };
		BFCDA80D2E2F7CDA0029AEC1 /* signals.hpp in Headers */ = {isa = PBXBuildFile; fileRef = BFAA94532B6C12FF007FC130 /* signals.hpp */; };
		BFCDA80E2E2F7CDA0029AEC1 /* interpose.hpp in Headers */ = {isa = PBXBuildFile; fileRef = BF9623AC2AB36B86005FF2B7 /* interpose.hpp */; };
		BFCDA80F2E2F7CDA0029AEC1 /* realAlloc.hpp in Headers */ = {isa = PBXBuildFile; fileRef = BFBCAD892ACF376600C6B69F /* realAlloc.hpp */; };
		BFCDA8102E2F7CDA0029AEC1 /* callstackHelper.hpp in Headers */ = {isa = PBXBuildFile; fileRef = BF3204ED2AC5C614004EC77E /* callstackHelper.hpp */; };
		BFCDA8112E2F7CDA0029AEC1 /* crash.hpp in Headers */ = {isa = PBXBuildFile; fileRef = BF4368F62AACF06F00252E2A /* crash.hpp */; };
		BFCDA8122E2F7CDA0029AEC1 /* warn.hpp in Headers */ = {isa = PBXBuildFile; fileRef = BF4368F72AACF07700252E2A /* warn.hpp */; };
		BFCDA8132E2F7CDA0029AEC1 /* exceptionHandler.hpp in Headers */ = {isa = PBXBuildFile; fileRef = BF2C5CB12AEAB63600DE2224 /* exceptionHandler.hpp */; };
		BFCDA8142E2F7CDA0029AEC1 /* crashOrWarn.hpp in Headers */ = {isa = PBXBuildFile; fileRef = BFC6D0F72C9ED80C0056A3C3 /* crashOrWarn.hpp */; };
		BFCDA8152E2F7CDA0029AEC1 /* Stats.hpp in Headers */ = {isa = PBXBuildFile; fileRef = BF23A2E1289ED24200B17349 /* Stats.hpp */; };
		BFCDA8162E2F7CDA0029AEC1 /* Suppression.hpp in Headers */ = {isa = PBXBuildFile; fileRef = BFA6CD7A2CD3F3B800959363 /* Suppression.hpp */; };
		BFCDA8172E2F7CDA0029AEC1 /* FunctionNotFoundException.hpp in Headers */ = {isa = PBXBuildFile; fileRef = BFBBC80C2CF0D00800F0785F /* FunctionNotFoundException.hpp */; };
		BFCDA8182E2F7CDA0029AEC1 /* defaultSuppression.hpp in Headers */ = {isa = PBXBuildFile; fileRef = F13529B02D108324002534D0 /* defaultSuppression.hpp */; };
		BFCDA8192E2F7CDA0029AEC1 /* firstPartyLibrary.hpp in Headers */ = {isa = PBXBuildFile; fileRef = BF017DC62D76F26900572D07 /* firstPartyLibrary.hpp */; };
		BFCDA81A2E2F7CDA0029AEC1 /* LeakKindStats.hpp in Headers */ = {isa = PBXBuildFile; fileRef = BFDD6E002CC6B6EF008B9CDC /* LeakKindStats.hpp */; };
		BFCDA81B2E2F7CDA0029AEC1 /* ATracker.hpp in Headers */ = {isa = PBXBuildFile; fileRef = BFC817182BEFB3C200332937 /* ATracker.hpp */; };
		BFCDA81C2E2F7CDA0029AEC1 /* PseudoTracker.hpp in Headers */ = {isa = PBXBuildFile; fileRef = BF7ACDAC2D5619AE00629378 /* PseudoTracker.hpp */; };
		BFCDA81D2E2F7CDA0029AEC1 /* TLSTracker.hpp in Headers */ = {isa = PBXBuildFile; fileRef = BFC817152BEFB36E00332937 /* TLSTracker.hpp */; };
		BFCDA81E2E2F7CDA0029AEC1 /* bytePrinter.hpp in Headers */ = {isa = PBXBuildFile; fileRef = BF621FE128A2B61E00414EE4 /* bytePrinter.hpp */; };
		BFCDA81F2E2F7CDA0029AEC1 /* LeakSani.hpp in Headers */ = {isa = PBXBuildFile; fileRef = BF72C3C92885CB9E00C7AE5C /* LeakSani.hpp */; };
		BFCDA8202E2F7CDA0029AEC1 /* MallocInfo.hpp in Headers */ = {isa = PBXBuildFile; fileRef = BFBF736428831FC200BC4208 /* MallocInfo.hpp */; };
		BFCDA8212E2F7CDA0029AEC1 /* lsanMisc.hpp in Headers */ = {isa = PBXBuildFile; fileRef = BF84625C2AD1B489003B05F5 /* lsanMisc.hpp */; };
		BFCDA8222E2F7CDA0029AEC1 /* ThreadInfo.hpp in Headers */ = {isa = PBXBuildFile; fileRef = BFA95FB02D43FBDA0043C836 /* ThreadInfo.hpp */; };
		BFCDA8232E2F7CDA0029AEC1 /* timing.hpp in Headers */ = {isa = PBXBuildFile; fileRef = BFD983A72B8A4729003B6CC1 /* timing.hpp */; };
		BFCDA8242E2F7CDA0029AEC1 /* utils.hpp in Headers */ = {isa = PBXBuildFile; fileRef = F16901512C403EF200EED0AE /* utils.hpp */; };
		BFCDA8252E2F7CDA0029AEC1 /* objcSupport.hpp in Headers */ = {isa = PBXBuildFile; fileRef = F12872392D36E0D200D5F0AF /* objcSupport.hpp */; };
		BFCDA8262E2F7CDA0029AEC1 /* LeakType.hpp in Headers */ = {isa = PBXBuildFile; fileRef = BF7592282BB1799500891A55 /* LeakType.hpp */; };
		BFCDA8272E2F7CDA0029AEC1 /* formatter.hpp in Headers */ = {isa = PBXBuildFile; fileRef = BFAFADC528B4FDA40060076C /* formatter.hpp */; };
		BFCDA8382E2F82F50029AEC1 /* Stats.cpp in Sources */ = {isa = PBXBuildFile; fileRef = BF23A2E0289ED24200B17349 /* Stats.cpp */; };
/* End PBXBuildFile section */

/* Begin PBXContainerItemProxy section */
		BFCDA7EE2E2F7C430029AEC1 /* PBXContainerItemProxy */ = {
			isa = PBXContainerItemProxy;
			containerPortal = BF97EB4E28831E5B00DAF1FE /* Project object */;
			proxyType = 1;
			remoteGlobalIDString = F13529B32D1083FD002534D0;
			remoteInfo = CallstackLibrary;
		};
/* End PBXContainerItemProxy section */

/* Begin PBXFileReference section */
		BF017DC62D76F26900572D07 /* firstPartyLibrary.hpp */ = {isa = PBXFileReference; lastKnownFileType = sourcecode.cpp.h; path = firstPartyLibrary.hpp; sourceTree = "<group>"; };
		BF017DC72D76F26900572D07 /* firstPartyLibrary.cpp */ = {isa = PBXFileReference; lastKnownFileType = sourcecode.cpp.cpp; path = firstPartyLibrary.cpp; sourceTree = "<group>"; };
		BF04B4B328F86EEA00051090 /* .gitignore */ = {isa = PBXFileReference; lastKnownFileType = text; path = .gitignore; sourceTree = "<group>"; };
		BF17750A2E33892700D46975 /* CoreFoundation.framework */ = {isa = PBXFileReference; lastKnownFileType = wrapper.framework; name = CoreFoundation.framework; path = System/Library/Frameworks/CoreFoundation.framework; sourceTree = SDKROOT; };
		BF23A2DC289ECE6A00B17349 /* lsan_stats.cpp */ = {isa = PBXFileReference; lastKnownFileType = sourcecode.cpp.cpp; path = lsan_stats.cpp; sourceTree = "<group>"; };
		BF23A2DD289ECE6A00B17349 /* lsan_stats.h */ = {isa = PBXFileReference; lastKnownFileType = sourcecode.c.h; path = lsan_stats.h; sourceTree = "<group>"; };
		BF23A2E0289ED24200B17349 /* Stats.cpp */ = {isa = PBXFileReference; lastKnownFileType = sourcecode.cpp.cpp; path = Stats.cpp; sourceTree = "<group>"; };
		BF23A2E1289ED24200B17349 /* Stats.hpp */ = {isa = PBXFileReference; lastKnownFileType = sourcecode.cpp.h; path = Stats.hpp; sourceTree = "<group>"; };
		BF2C5CB02AEAB63600DE2224 /* exceptionHandler.cpp */ = {isa = PBXFileReference; lastKnownFileType = sourcecode.cpp.cpp; path = exceptionHandler.cpp; sourceTree = "<group>"; };
		BF2C5CB12AEAB63600DE2224 /* exceptionHandler.hpp */ = {isa = PBXFileReference; lastKnownFileType = sourcecode.cpp.h; path = exceptionHandler.hpp; sourceTree = "<group>"; };
		BF3204EC2AC5C614004EC77E /* callstackHelper.cpp */ = {isa = PBXFileReference; lastKnownFileType = sourcecode.cpp.cpp; path = callstackHelper.cpp; sourceTree = "<group>"; };
		BF3204ED2AC5C614004EC77E /* callstackHelper.hpp */ = {isa = PBXFileReference; lastKnownFileType = sourcecode.cpp.h; path = callstackHelper.hpp; sourceTree = "<group>"; };
		BF34157C2A8405AD00DEEF10 /* deprecation.h */ = {isa = PBXFileReference; lastKnownFileType = sourcecode.c.h; path = deprecation.h; sourceTree = "<group>"; };
		BF378FB42919496000A4DAA9 /* libcallstack.a */ = {isa = PBXFileReference; lastKnownFileType = archive.ar; name = libcallstack.a; path = CallstackLibrary/libcallstack.a; sourceTree = "<group>"; };
		BF4368F32AACF04700252E2A /* crashWarner.cpp */ = {isa = PBXFileReference; lastKnownFileType = sourcecode.cpp.cpp; path = crashWarner.cpp; sourceTree = "<group>"; };
		BF4368F62AACF06F00252E2A /* crash.hpp */ = {isa = PBXFileReference; lastKnownFileType = sourcecode.cpp.h; path = crash.hpp; sourceTree = "<group>"; };
		BF4368F72AACF07700252E2A /* warn.hpp */ = {isa = PBXFileReference; lastKnownFileType = sourcecode.cpp.h; path = warn.hpp; sourceTree = "<group>"; };
		BF49A5D72899599300BC1FFD /* signalHandlers.cpp */ = {isa = PBXFileReference; lastKnownFileType = sourcecode.cpp.cpp; path = signalHandlers.cpp; sourceTree = "<group>"; };
		BF49A5D82899599300BC1FFD /* signalHandlers.hpp */ = {isa = PBXFileReference; lastKnownFileType = sourcecode.cpp.h; path = signalHandlers.hpp; sourceTree = "<group>"; };
		BF4AEC682E3CBAA10078E35C /* LeakSanitizer.h */ = {isa = PBXFileReference; lastKnownFileType = sourcecode.c.h; path = LeakSanitizer.h; sourceTree = "<group>"; };
		BF4C28E828B66033001EB53E /* Makefile */ = {isa = PBXFileReference; lastKnownFileType = sourcecode.make; path = Makefile; sourceTree = "<group>"; };
		BF5F19FB28B3EFFB00DAEDE7 /* LICENSE */ = {isa = PBXFileReference; fileEncoding = 4; lastKnownFileType = text; path = LICENSE; sourceTree = "<group>"; };
		BF5F19FC28B3F00600DAEDE7 /* README.md */ = {isa = PBXFileReference; fileEncoding = 4; lastKnownFileType = net.daringfireball.markdown; path = README.md; sourceTree = "<group>"; };
		BF621FDB28A291DE00414EE4 /* lsan_internals.cpp */ = {isa = PBXFileReference; lastKnownFileType = sourcecode.cpp.cpp; path = lsan_internals.cpp; sourceTree = "<group>"; };
		BF621FDC28A291DE00414EE4 /* lsan_internals.h */ = {isa = PBXFileReference; lastKnownFileType = sourcecode.c.h; path = lsan_internals.h; sourceTree = "<group>"; };
		BF621FE028A2B61E00414EE4 /* bytePrinter.cpp */ = {isa = PBXFileReference; lastKnownFileType = sourcecode.cpp.cpp; path = bytePrinter.cpp; sourceTree = "<group>"; };
		BF621FE128A2B61E00414EE4 /* bytePrinter.hpp */ = {isa = PBXFileReference; lastKnownFileType = sourcecode.cpp.h; path = bytePrinter.hpp; sourceTree = "<group>"; };
		BF72C3C92885CB9E00C7AE5C /* LeakSani.hpp */ = {isa = PBXFileReference; fileEncoding = 4; lastKnownFileType = sourcecode.cpp.h; path = LeakSani.hpp; sourceTree = "<group>"; };
		BF72C3CA2885CB9E00C7AE5C /* LeakSani.cpp */ = {isa = PBXFileReference; fileEncoding = 4; lastKnownFileType = sourcecode.cpp.cpp; path = LeakSani.cpp; sourceTree = "<group>"; };
		BF7592282BB1799500891A55 /* LeakType.hpp */ = {isa = PBXFileReference; lastKnownFileType = sourcecode.cpp.h; path = LeakType.hpp; sourceTree = "<group>"; };
		BF7ACDAC2D5619AE00629378 /* PseudoTracker.hpp */ = {isa = PBXFileReference; lastKnownFileType = sourcecode.cpp.h; path = PseudoTracker.hpp; sourceTree = "<group>"; };
		BF84625B2AD1B489003B05F5 /* lsanMisc.cpp */ = {isa = PBXFileReference; lastKnownFileType = sourcecode.cpp.cpp; path = lsanMisc.cpp; sourceTree = "<group>"; };
		BF84625C2AD1B489003B05F5 /* lsanMisc.hpp */ = {isa = PBXFileReference; lastKnownFileType = sourcecode.cpp.h; path = lsanMisc.hpp; sourceTree = "<group>"; };
		BF9623AC2AB36B86005FF2B7 /* interpose.hpp */ = {isa = PBXFileReference; lastKnownFileType = sourcecode.cpp.h; path = interpose.hpp; sourceTree = "<group>"; };
		BFA6CD7A2CD3F3B800959363 /* Suppression.hpp */ = {isa = PBXFileReference; lastKnownFileType = sourcecode.cpp.h; path = Suppression.hpp; sourceTree = "<group>"; };
		BFA6CD7B2CD3F3B800959363 /* Suppression.cpp */ = {isa = PBXFileReference; lastKnownFileType = sourcecode.cpp.cpp; path = Suppression.cpp; sourceTree = "<group>"; };
		BFA7AA972D8037A700F2525A /* systemLibraries.json */ = {isa = PBXFileReference; lastKnownFileType = text.json; path = systemLibraries.json; sourceTree = "<group>"; };
		BFA95FB02D43FBDA0043C836 /* ThreadInfo.hpp */ = {isa = PBXFileReference; lastKnownFileType = sourcecode.cpp.h; path = ThreadInfo.hpp; sourceTree = "<group>"; };
		BFAA94522B6C12FF007FC130 /* signals.cpp */ = {isa = PBXFileReference; lastKnownFileType = sourcecode.cpp.cpp; path = signals.cpp; sourceTree = "<group>"; };
		BFAA94532B6C12FF007FC130 /* signals.hpp */ = {isa = PBXFileReference; lastKnownFileType = sourcecode.cpp.h; path = signals.hpp; sourceTree = "<group>"; };
		BFAFADC528B4FDA40060076C /* formatter.hpp */ = {isa = PBXFileReference; lastKnownFileType = sourcecode.cpp.h; name = formatter.hpp; path = src/formatter.hpp; sourceTree = SOURCE_ROOT; };
		BFB103D62E38CB7100ECECD5 /* bundle.hpp */ = {isa = PBXFileReference; lastKnownFileType = sourcecode.cpp.h; path = bundle.hpp; sourceTree = "<group>"; };
		BFB103D72E38CB7100ECECD5 /* bundle.cpp */ = {isa = PBXFileReference; lastKnownFileType = sourcecode.cpp.cpp; path = bundle.cpp; sourceTree = "<group>"; };
		BFBBC80C2CF0D00800F0785F /* FunctionNotFoundException.hpp */ = {isa = PBXFileReference; lastKnownFileType = sourcecode.cpp.h; path = FunctionNotFoundException.hpp; sourceTree = "<group>"; };
		BFBCAD892ACF376600C6B69F /* realAlloc.hpp */ = {isa = PBXFileReference; lastKnownFileType = sourcecode.cpp.h; path = realAlloc.hpp; sourceTree = "<group>"; };
		BFBF26C72D4402CC0034C570 /* ThreadInfo.cpp */ = {isa = PBXFileReference; lastKnownFileType = sourcecode.cpp.cpp; path = ThreadInfo.cpp; sourceTree = "<group>"; };
		BFBF736328831FC200BC4208 /* MallocInfo.cpp */ = {isa = PBXFileReference; lastKnownFileType = sourcecode.cpp.cpp; path = MallocInfo.cpp; sourceTree = "<group>"; };
		BFBF736428831FC200BC4208 /* MallocInfo.hpp */ = {isa = PBXFileReference; lastKnownFileType = sourcecode.cpp.h; path = MallocInfo.hpp; sourceTree = "<group>"; };
		BFBF736728832C3300BC4208 /* wrap_malloc.cpp */ = {isa = PBXFileReference; lastKnownFileType = sourcecode.cpp.cpp; path = wrap_malloc.cpp; sourceTree = "<group>"; };
		BFC6D0F72C9ED80C0056A3C3 /* crashOrWarn.hpp */ = {isa = PBXFileReference; lastKnownFileType = sourcecode.cpp.h; path = crashOrWarn.hpp; sourceTree = "<group>"; };
		BFC817142BEFB36E00332937 /* TLSTracker.cpp */ = {isa = PBXFileReference; lastKnownFileType = sourcecode.cpp.cpp; path = TLSTracker.cpp; sourceTree = "<group>"; };
		BFC817152BEFB36E00332937 /* TLSTracker.hpp */ = {isa = PBXFileReference; lastKnownFileType = sourcecode.cpp.h; path = TLSTracker.hpp; sourceTree = "<group>"; };
		BFC817182BEFB3C200332937 /* ATracker.hpp */ = {isa = PBXFileReference; lastKnownFileType = sourcecode.cpp.h; path = ATracker.hpp; sourceTree = "<group>"; };
		BFCDA7E72E2F7C2C0029AEC1 /* LeakSanitizer.framework */ = {isa = PBXFileReference; explicitFileType = wrapper.framework; includeInIndex = 0; path = LeakSanitizer.framework; sourceTree = BUILT_PRODUCTS_DIR; };
		BFCF0B252BDD54A900EE259C /* misc.cpp */ = {isa = PBXFileReference; lastKnownFileType = sourcecode.cpp.cpp; path = misc.cpp; sourceTree = "<group>"; };
		BFD983A62B8A4729003B6CC1 /* timing.cpp */ = {isa = PBXFileReference; lastKnownFileType = sourcecode.cpp.cpp; path = timing.cpp; sourceTree = "<group>"; };
		BFD983A72B8A4729003B6CC1 /* timing.hpp */ = {isa = PBXFileReference; lastKnownFileType = sourcecode.cpp.h; path = timing.hpp; sourceTree = "<group>"; };
		BFDD6E002CC6B6EF008B9CDC /* LeakKindStats.hpp */ = {isa = PBXFileReference; lastKnownFileType = sourcecode.cpp.h; path = LeakKindStats.hpp; sourceTree = "<group>"; };
		BFE023EE2CA86E7400AEFD5A /* AutoStats.cpp */ = {isa = PBXFileReference; lastKnownFileType = sourcecode.cpp.cpp; path = AutoStats.cpp; sourceTree = "<group>"; };
		BFE023F22CA874D100AEFD5A /* Behaviour.hpp */ = {isa = PBXFileReference; lastKnownFileType = sourcecode.cpp.h; path = Behaviour.hpp; sourceTree = "<group>"; };
		BFE023F62CA8765500AEFD5A /* helper.hpp */ = {isa = PBXFileReference; lastKnownFileType = sourcecode.cpp.h; path = helper.hpp; sourceTree = "<group>"; };
		F12872392D36E0D200D5F0AF /* objcSupport.hpp */ = {isa = PBXFileReference; lastKnownFileType = sourcecode.cpp.h; path = objcSupport.hpp; sourceTree = "<group>"; };
		F13529AE2D10779B002534D0 /* defaultSuppression.cpp */ = {isa = PBXFileReference; lastKnownFileType = sourcecode.cpp.cpp; path = defaultSuppression.cpp; sourceTree = "<group>"; };
		F13529B02D108324002534D0 /* defaultSuppression.hpp */ = {isa = PBXFileReference; lastKnownFileType = sourcecode.cpp.h; path = defaultSuppression.hpp; sourceTree = "<group>"; };
		F13529BB2D109F4C002534D0 /* schema.json */ = {isa = PBXFileReference; lastKnownFileType = text.json; path = schema.json; sourceTree = "<group>"; };
		F14B3CDC2D842C4A004768E9 /* parser.cpp */ = {isa = PBXFileReference; lastKnownFileType = sourcecode.cpp.cpp; name = parser.cpp; path = ../../SimpleJSON/src/parser.cpp; sourceTree = "<group>"; };
		F16901512C403EF200EED0AE /* utils.hpp */ = {isa = PBXFileReference; lastKnownFileType = sourcecode.cpp.h; path = utils.hpp; sourceTree = "<group>"; };
		F18566A92DCDDA3C00D348F0 /* tlv.json */ = {isa = PBXFileReference; lastKnownFileType = text.json; path = tlv.json; sourceTree = "<group>"; };
		F19C6EA62C51436A00E7E4FA /* PoolAllocator.hpp */ = {isa = PBXFileReference; lastKnownFileType = sourcecode.cpp.h; path = PoolAllocator.hpp; sourceTree = "<group>"; };
		F19C6EA72C51496C00E7E4FA /* ObjectPool.cpp */ = {isa = PBXFileReference; lastKnownFileType = sourcecode.cpp.cpp; path = ObjectPool.cpp; sourceTree = "<group>"; };
		F19C6EA82C51496C00E7E4FA /* ObjectPool.hpp */ = {isa = PBXFileReference; lastKnownFileType = sourcecode.cpp.h; path = ObjectPool.hpp; sourceTree = "<group>"; };
		F1ACE4162D148B0F00E779A7 /* core.json */ = {isa = PBXFileReference; lastKnownFileType = text.json; path = core.json; sourceTree = "<group>"; };
		F1DB86FA2C5E927A00D6B4F4 /* RealAllocator.hpp */ = {isa = PBXFileReference; lastKnownFileType = sourcecode.cpp.h; path = RealAllocator.hpp; sourceTree = "<group>"; };
		F1E0904B2D68DE9500F79FA2 /* AppKit.json */ = {isa = PBXFileReference; lastKnownFileType = text.json; path = AppKit.json; sourceTree = "<group>"; };
/* End PBXFileReference section */

/* Begin PBXFrameworksBuildPhase section */
		BFCDA7E42E2F7C2C0029AEC1 /* Frameworks */ = {
			isa = PBXFrameworksBuildPhase;
			buildActionMask = 2147483647;
			files = (
				BF17750B2E33892700D46975 /* CoreFoundation.framework in Frameworks */,
				BFCDA7F02E2F7C580029AEC1 /* libcallstack.a in Frameworks */,
			);
			runOnlyForDeploymentPostprocessing = 0;
		};
/* End PBXFrameworksBuildPhase section */

/* Begin PBXGroup section */
		BF3204F22AC5C625004EC77E /* callstacks */ = {
			isa = PBXGroup;
			children = (
				BF3204ED2AC5C614004EC77E /* callstackHelper.hpp */,
				BF3204EC2AC5C614004EC77E /* callstackHelper.cpp */,
			);
			path = callstacks;
			sourceTree = "<group>";
		};
		BF378FB32919496000A4DAA9 /* Frameworks */ = {
			isa = PBXGroup;
			children = (
				BF17750A2E33892700D46975 /* CoreFoundation.framework */,
				BF378FB42919496000A4DAA9 /* libcallstack.a */,
			);
			name = Frameworks;
			sourceTree = "<group>";
		};
		BF3E50512CCFE7ED00CB225E /* suppression */ = {
			isa = PBXGroup;
			children = (
				F14B3CDC2D842C4A004768E9 /* parser.cpp */,
				BFA6CD7A2CD3F3B800959363 /* Suppression.hpp */,
				BFA6CD7B2CD3F3B800959363 /* Suppression.cpp */,
				BFBBC80C2CF0D00800F0785F /* FunctionNotFoundException.hpp */,
				F13529B02D108324002534D0 /* defaultSuppression.hpp */,
				F13529AE2D10779B002534D0 /* defaultSuppression.cpp */,
				BF017DC62D76F26900572D07 /* firstPartyLibrary.hpp */,
				BF017DC72D76F26900572D07 /* firstPartyLibrary.cpp */,
			);
			path = suppression;
			sourceTree = "<group>";
		};
		BF41CC5D2A813B4500EAA3A1 /* statistics */ = {
			isa = PBXGroup;
			children = (
				BF23A2DC289ECE6A00B17349 /* lsan_stats.cpp */,
				BF23A2E1289ED24200B17349 /* Stats.hpp */,
				BF23A2E0289ED24200B17349 /* Stats.cpp */,
				BFE023EE2CA86E7400AEFD5A /* AutoStats.cpp */,
			);
			path = statistics;
			sourceTree = "<group>";
		};
		BF4368F22AACEFFE00252E2A /* crashWarner */ = {
			isa = PBXGroup;
			children = (
				BF4368F62AACF06F00252E2A /* crash.hpp */,
				BF4368F72AACF07700252E2A /* warn.hpp */,
				BF4368F32AACF04700252E2A /* crashWarner.cpp */,
				BF2C5CB02AEAB63600DE2224 /* exceptionHandler.cpp */,
				BF2C5CB12AEAB63600DE2224 /* exceptionHandler.hpp */,
				BFC6D0F72C9ED80C0056A3C3 /* crashOrWarn.hpp */,
			);
			path = crashWarner;
			sourceTree = "<group>";
		};
		BF643E5C28A40C970080DB21 /* include */ = {
			isa = PBXGroup;
			children = (
				BF23A2DD289ECE6A00B17349 /* lsan_stats.h */,
				BF621FDC28A291DE00414EE4 /* lsan_internals.h */,
				BF34157C2A8405AD00DEEF10 /* deprecation.h */,
				BF4AEC682E3CBAA10078E35C /* LeakSanitizer.h */,
			);
			path = include;
			sourceTree = "<group>";
		};
		BF7ACDAE2D561DAC00629378 /* trackers */ = {
			isa = PBXGroup;
			children = (
				BFC817182BEFB3C200332937 /* ATracker.hpp */,
				BF7ACDAC2D5619AE00629378 /* PseudoTracker.hpp */,
				BFC817152BEFB36E00332937 /* TLSTracker.hpp */,
				BFC817142BEFB36E00332937 /* TLSTracker.cpp */,
			);
			path = trackers;
			sourceTree = "<group>";
		};
		BF97EB4D28831E5B00DAF1FE = {
			isa = PBXGroup;
			children = (
				BF4C28E828B66033001EB53E /* Makefile */,
				BF5F19FC28B3F00600DAEDE7 /* README.md */,
				BF5F19FB28B3EFFB00DAEDE7 /* LICENSE */,
				BF04B4B328F86EEA00051090 /* .gitignore */,
				BF643E5C28A40C970080DB21 /* include */,
				BF9DD3A428A6761400AEBC17 /* src */,
				F13529AC2D10767E002534D0 /* suppressions */,
				BF97EB5728831E5B00DAF1FE /* Products */,
				BF378FB32919496000A4DAA9 /* Frameworks */,
			);
			sourceTree = "<group>";
		};
		BF97EB5728831E5B00DAF1FE /* Products */ = {
			isa = PBXGroup;
			children = (
				BFCDA7E72E2F7C2C0029AEC1 /* LeakSanitizer.framework */,
			);
			name = Products;
			sourceTree = "<group>";
		};
		BF9DD3A428A6761400AEBC17 /* src */ = {
			isa = PBXGroup;
			children = (
				BFB103D52E38CB5A00ECECD5 /* macos */,
				F1B373972C67A0D700674C3C /* allocators */,
				BFE023F12CA874AE00AEFD5A /* behaviour */,
				BFAA94582B6C1E52007FC130 /* signals */,
				BFBCAD8A2ACF611A00C6B69F /* wrappers */,
				BF3204F22AC5C625004EC77E /* callstacks */,
				BF4368F22AACEFFE00252E2A /* crashWarner */,
				BF41CC5D2A813B4500EAA3A1 /* statistics */,
				BF3E50512CCFE7ED00CB225E /* suppression */,
				BFDD6DFD2CC6B5A9008B9CDC /* helpers */,
				BF7ACDAE2D561DAC00629378 /* trackers */,
				BF621FE128A2B61E00414EE4 /* bytePrinter.hpp */,
				BF621FE028A2B61E00414EE4 /* bytePrinter.cpp */,
				BF72C3C92885CB9E00C7AE5C /* LeakSani.hpp */,
				BF72C3CA2885CB9E00C7AE5C /* LeakSani.cpp */,
				BFBF736428831FC200BC4208 /* MallocInfo.hpp */,
				BFBF736328831FC200BC4208 /* MallocInfo.cpp */,
				BF84625C2AD1B489003B05F5 /* lsanMisc.hpp */,
				BF84625B2AD1B489003B05F5 /* lsanMisc.cpp */,
				BFA95FB02D43FBDA0043C836 /* ThreadInfo.hpp */,
				BFBF26C72D4402CC0034C570 /* ThreadInfo.cpp */,
				BFD983A72B8A4729003B6CC1 /* timing.hpp */,
				BFD983A62B8A4729003B6CC1 /* timing.cpp */,
				F16901512C403EF200EED0AE /* utils.hpp */,
				F12872392D36E0D200D5F0AF /* objcSupport.hpp */,
				BF7592282BB1799500891A55 /* LeakType.hpp */,
				BFAFADC528B4FDA40060076C /* formatter.hpp */,
				BF621FDB28A291DE00414EE4 /* lsan_internals.cpp */,
			);
			path = src;
			sourceTree = "<group>";
		};
		BFAA94582B6C1E52007FC130 /* signals */ = {
			isa = PBXGroup;
			children = (
				BF49A5D82899599300BC1FFD /* signalHandlers.hpp */,
				BF49A5D72899599300BC1FFD /* signalHandlers.cpp */,
				BFAA94532B6C12FF007FC130 /* signals.hpp */,
				BFAA94522B6C12FF007FC130 /* signals.cpp */,
			);
			path = signals;
			sourceTree = "<group>";
		};
		BFB103D52E38CB5A00ECECD5 /* macos */ = {
			isa = PBXGroup;
			children = (
				BFB103D62E38CB7100ECECD5 /* bundle.hpp */,
				BFB103D72E38CB7100ECECD5 /* bundle.cpp */,
			);
			path = macos;
			sourceTree = "<group>";
		};
		BFBCAD8A2ACF611A00C6B69F /* wrappers */ = {
			isa = PBXGroup;
			children = (
				BFBF736728832C3300BC4208 /* wrap_malloc.cpp */,
				BF9623AC2AB36B86005FF2B7 /* interpose.hpp */,
				BFBCAD892ACF376600C6B69F /* realAlloc.hpp */,
				BFCF0B252BDD54A900EE259C /* misc.cpp */,
			);
			path = wrappers;
			sourceTree = "<group>";
		};
		BFDD6DFD2CC6B5A9008B9CDC /* helpers */ = {
			isa = PBXGroup;
			children = (
				BFDD6E002CC6B6EF008B9CDC /* LeakKindStats.hpp */,
			);
			path = helpers;
			sourceTree = "<group>";
		};
		BFE023F12CA874AE00AEFD5A /* behaviour */ = {
			isa = PBXGroup;
			children = (
				BFE023F22CA874D100AEFD5A /* Behaviour.hpp */,
				BFE023F62CA8765500AEFD5A /* helper.hpp */,
			);
			path = behaviour;
			sourceTree = "<group>";
		};
		F13529AC2D10767E002534D0 /* suppressions */ = {
			isa = PBXGroup;
			children = (
				F13529BB2D109F4C002534D0 /* schema.json */,
				F13529BA2D109417002534D0 /* macos */,
			);
			path = suppressions;
			sourceTree = "<group>";
		};
		F13529BA2D109417002534D0 /* macos */ = {
			isa = PBXGroup;
			children = (
				F1E0904B2D68DE9500F79FA2 /* AppKit.json */,
				F1ACE4162D148B0F00E779A7 /* core.json */,
				BFA7AA972D8037A700F2525A /* systemLibraries.json */,
				F18566A92DCDDA3C00D348F0 /* tlv.json */,
			);
			path = macos;
			sourceTree = "<group>";
		};
		F1B373972C67A0D700674C3C /* allocators */ = {
			isa = PBXGroup;
			children = (
				F19C6EA62C51436A00E7E4FA /* PoolAllocator.hpp */,
				F1DB86FA2C5E927A00D6B4F4 /* RealAllocator.hpp */,
				F19C6EA82C51496C00E7E4FA /* ObjectPool.hpp */,
				F19C6EA72C51496C00E7E4FA /* ObjectPool.cpp */,
			);
			path = allocators;
			sourceTree = "<group>";
		};
/* End PBXGroup section */

/* Begin PBXHeadersBuildPhase section */
		BFCDA7E22E2F7C2C0029AEC1 /* Headers */ = {
			isa = PBXHeadersBuildPhase;
			buildActionMask = 2147483647;
			files = (
				BF4AEC692E3CBAAB0078E35C /* LeakSanitizer.h in Headers */,
				BFCDA8072E2F7CDA0029AEC1 /* PoolAllocator.hpp in Headers */,
				BFCDA8082E2F7CDA0029AEC1 /* RealAllocator.hpp in Headers */,
				BFB103D92E38CB7100ECECD5 /* bundle.hpp in Headers */,
				BFCDA8092E2F7CDA0029AEC1 /* ObjectPool.hpp in Headers */,
				BFCDA80A2E2F7CDA0029AEC1 /* Behaviour.hpp in Headers */,
				BFCDA80B2E2F7CDA0029AEC1 /* helper.hpp in Headers */,
				BFCDA80C2E2F7CDA0029AEC1 /* signalHandlers.hpp in Headers */,
				BFCDA80D2E2F7CDA0029AEC1 /* signals.hpp in Headers */,
				BFCDA80E2E2F7CDA0029AEC1 /* interpose.hpp in Headers */,
				BFCDA80F2E2F7CDA0029AEC1 /* realAlloc.hpp in Headers */,
				BFCDA8102E2F7CDA0029AEC1 /* callstackHelper.hpp in Headers */,
				BFCDA8112E2F7CDA0029AEC1 /* crash.hpp in Headers */,
				BFCDA8122E2F7CDA0029AEC1 /* warn.hpp in Headers */,
				BFCDA8132E2F7CDA0029AEC1 /* exceptionHandler.hpp in Headers */,
				BFCDA8142E2F7CDA0029AEC1 /* crashOrWarn.hpp in Headers */,
				BFCDA8152E2F7CDA0029AEC1 /* Stats.hpp in Headers */,
				BFCDA8162E2F7CDA0029AEC1 /* Suppression.hpp in Headers */,
				BFCDA8172E2F7CDA0029AEC1 /* FunctionNotFoundException.hpp in Headers */,
				BFCDA8182E2F7CDA0029AEC1 /* defaultSuppression.hpp in Headers */,
				BFCDA8192E2F7CDA0029AEC1 /* firstPartyLibrary.hpp in Headers */,
				BFCDA81A2E2F7CDA0029AEC1 /* LeakKindStats.hpp in Headers */,
				BFCDA81B2E2F7CDA0029AEC1 /* ATracker.hpp in Headers */,
				BFCDA81C2E2F7CDA0029AEC1 /* PseudoTracker.hpp in Headers */,
				BFCDA81D2E2F7CDA0029AEC1 /* TLSTracker.hpp in Headers */,
				BFCDA81E2E2F7CDA0029AEC1 /* bytePrinter.hpp in Headers */,
				BFCDA81F2E2F7CDA0029AEC1 /* LeakSani.hpp in Headers */,
				BFCDA8202E2F7CDA0029AEC1 /* MallocInfo.hpp in Headers */,
				BFCDA8212E2F7CDA0029AEC1 /* lsanMisc.hpp in Headers */,
				BFCDA8222E2F7CDA0029AEC1 /* ThreadInfo.hpp in Headers */,
				BFCDA8232E2F7CDA0029AEC1 /* timing.hpp in Headers */,
				BFCDA8242E2F7CDA0029AEC1 /* utils.hpp in Headers */,
				BFCDA8252E2F7CDA0029AEC1 /* objcSupport.hpp in Headers */,
				BFCDA8262E2F7CDA0029AEC1 /* LeakType.hpp in Headers */,
				BFCDA8272E2F7CDA0029AEC1 /* formatter.hpp in Headers */,
			);
			runOnlyForDeploymentPostprocessing = 0;
		};
/* End PBXHeadersBuildPhase section */

/* Begin PBXLegacyTarget section */
		F13529B32D1083FD002534D0 /* CallstackLibrary */ = {
			isa = PBXLegacyTarget;
			buildArgumentsString = "-j libcallstack.a $(ACTION)";
			buildConfigurationList = F13529B42D1083FD002534D0 /* Build configuration list for PBXLegacyTarget "CallstackLibrary" */;
			buildPhases = (
			);
			buildToolPath = /usr/bin/make;
			buildWorkingDirectory = CallstackLibrary;
			dependencies = (
			);
			name = CallstackLibrary;
			packageProductDependencies = (
			);
			passBuildSettingsInEnvironment = 1;
			productName = CallstackLibrary;
		};
/* End PBXLegacyTarget section */

/* Begin PBXNativeTarget section */
		BFCDA7E62E2F7C2C0029AEC1 /* LeakSanitizer */ = {
			isa = PBXNativeTarget;
			buildConfigurationList = BFCDA7EB2E2F7C2C0029AEC1 /* Build configuration list for PBXNativeTarget "LeakSanitizer" */;
			buildPhases = (
				BFCDA7E22E2F7C2C0029AEC1 /* Headers */,
				BFCDA7E32E2F7C2C0029AEC1 /* Sources */,
				BFCDA7E42E2F7C2C0029AEC1 /* Frameworks */,
				BFCDA7E52E2F7C2C0029AEC1 /* Resources */,
			);
			buildRules = (
			);
			dependencies = (
				BFCDA7EF2E2F7C430029AEC1 /* PBXTargetDependency */,
			);
			name = LeakSanitizer;
			packageProductDependencies = (
			);
			productName = LeakSanitizer;
			productReference = BFCDA7E72E2F7C2C0029AEC1 /* LeakSanitizer.framework */;
			productType = "com.apple.product-type.framework";
		};
/* End PBXNativeTarget section */

/* Begin PBXProject section */
		BF97EB4E28831E5B00DAF1FE /* Project object */ = {
			isa = PBXProject;
			attributes = {
				BuildIndependentTargetsInParallel = YES;
				LastSwiftUpdateCheck = 1640;
				LastUpgradeCheck = 1640;
				ORGANIZATIONNAME = mhahnFr;
				TargetAttributes = {
					BFCDA7E62E2F7C2C0029AEC1 = {
						CreatedOnToolsVersion = 16.4;
					};
					F13529B32D1083FD002534D0 = {
						CreatedOnToolsVersion = 16.2;
					};
				};
			};
			buildConfigurationList = BF97EB5128831E5B00DAF1FE /* Build configuration list for PBXProject "LeakSanitizer" */;
			compatibilityVersion = "Xcode 9.3";
			developmentRegion = en;
			hasScannedForEncodings = 0;
			knownRegions = (
				en,
				Base,
			);
			mainGroup = BF97EB4D28831E5B00DAF1FE;
			productRefGroup = BF97EB5728831E5B00DAF1FE /* Products */;
			projectDirPath = "";
			projectRoot = "";
			targets = (
				F13529B32D1083FD002534D0 /* CallstackLibrary */,
				BFCDA7E62E2F7C2C0029AEC1 /* LeakSanitizer */,
			);
		};
/* End PBXProject section */

/* Begin PBXResourcesBuildPhase section */
		BFCDA7E52E2F7C2C0029AEC1 /* Resources */ = {
			isa = PBXResourcesBuildPhase;
			buildActionMask = 2147483647;
			files = (
				BF1775062E337EAE00D46975 /* AppKit.json in Resources */,
				BF1775072E337EB200D46975 /* core.json in Resources */,
				BF1775082E337EB800D46975 /* systemLibraries.json in Resources */,
				BF1775092E337EBC00D46975 /* tlv.json in Resources */,
			);
			runOnlyForDeploymentPostprocessing = 0;
		};
/* End PBXResourcesBuildPhase section */

/* Begin PBXSourcesBuildPhase section */
		BFCDA7E32E2F7C2C0029AEC1 /* Sources */ = {
			isa = PBXSourcesBuildPhase;
			buildActionMask = 2147483647;
			files = (
				BFCDA7F12E2F7CA10029AEC1 /* ObjectPool.cpp in Sources */,
				BFCDA7F22E2F7CA10029AEC1 /* signalHandlers.cpp in Sources */,
				BFCDA7F32E2F7CA10029AEC1 /* signals.cpp in Sources */,
				BFCDA7F42E2F7CA10029AEC1 /* wrap_malloc.cpp in Sources */,
				BFCDA7F52E2F7CA10029AEC1 /* misc.cpp in Sources */,
				BFCDA7F62E2F7CA10029AEC1 /* callstackHelper.cpp in Sources */,
				BFCDA7F72E2F7CA10029AEC1 /* crashWarner.cpp in Sources */,
				BFCDA7F82E2F7CA10029AEC1 /* exceptionHandler.cpp in Sources */,
				BFCDA7F92E2F7CA10029AEC1 /* lsan_stats.cpp in Sources */,
				BFCDA7FA2E2F7CA10029AEC1 /* AutoStats.cpp in Sources */,
				BFCDA7FB2E2F7CA10029AEC1 /* parser.cpp in Sources */,
				BFCDA7FC2E2F7CA10029AEC1 /* Suppression.cpp in Sources */,
				BFCDA7FD2E2F7CA10029AEC1 /* defaultSuppression.cpp in Sources */,
				BFB103D82E38CB7100ECECD5 /* bundle.cpp in Sources */,
				BFCDA7FE2E2F7CA10029AEC1 /* firstPartyLibrary.cpp in Sources */,
				BFCDA7FF2E2F7CA10029AEC1 /* TLSTracker.cpp in Sources */,
				BFCDA8002E2F7CA10029AEC1 /* bytePrinter.cpp in Sources */,
				BFCDA8012E2F7CA10029AEC1 /* LeakSani.cpp in Sources */,
				BFCDA8022E2F7CA10029AEC1 /* MallocInfo.cpp in Sources */,
				BFCDA8032E2F7CA10029AEC1 /* lsanMisc.cpp in Sources */,
				BFCDA8042E2F7CA10029AEC1 /* ThreadInfo.cpp in Sources */,
				BFCDA8052E2F7CA10029AEC1 /* timing.cpp in Sources */,
				BFCDA8062E2F7CA10029AEC1 /* lsan_internals.cpp in Sources */,
				BFCDA8382E2F82F50029AEC1 /* Stats.cpp in Sources */,
			);
			runOnlyForDeploymentPostprocessing = 0;
		};
/* End PBXSourcesBuildPhase section */

/* Begin PBXTargetDependency section */
		BFCDA7EF2E2F7C430029AEC1 /* PBXTargetDependency */ = {
			isa = PBXTargetDependency;
			target = F13529B32D1083FD002534D0 /* CallstackLibrary */;
			targetProxy = BFCDA7EE2E2F7C430029AEC1 /* PBXContainerItemProxy */;
		};
/* End PBXTargetDependency section */

/* Begin XCBuildConfiguration section */
		BF97EB5828831E5B00DAF1FE /* Debug */ = {
			isa = XCBuildConfiguration;
			buildSettings = {
				ALWAYS_SEARCH_USER_PATHS = NO;
				CLANG_ANALYZER_NONNULL = YES;
				CLANG_ANALYZER_NUMBER_OBJECT_CONVERSION = YES_AGGRESSIVE;
				CLANG_CXX_LANGUAGE_STANDARD = "c++17";
				CLANG_CXX_LIBRARY = "libc++";
				CLANG_ENABLE_MODULES = YES;
				CLANG_ENABLE_OBJC_ARC = YES;
				CLANG_ENABLE_OBJC_WEAK = YES;
				CLANG_WARN_BLOCK_CAPTURE_AUTORELEASING = YES;
				CLANG_WARN_BOOL_CONVERSION = YES;
				CLANG_WARN_COMMA = YES;
				CLANG_WARN_CONSTANT_CONVERSION = YES;
				CLANG_WARN_DEPRECATED_OBJC_IMPLEMENTATIONS = YES;
				CLANG_WARN_DIRECT_OBJC_ISA_USAGE = YES_ERROR;
				CLANG_WARN_DOCUMENTATION_COMMENTS = YES;
				CLANG_WARN_EMPTY_BODY = YES;
				CLANG_WARN_ENUM_CONVERSION = YES;
				CLANG_WARN_INFINITE_RECURSION = YES;
				CLANG_WARN_INT_CONVERSION = YES;
				CLANG_WARN_NON_LITERAL_NULL_CONVERSION = YES;
				CLANG_WARN_OBJC_IMPLICIT_RETAIN_SELF = YES;
				CLANG_WARN_OBJC_LITERAL_CONVERSION = YES;
				CLANG_WARN_OBJC_ROOT_CLASS = YES_ERROR;
				CLANG_WARN_QUOTED_INCLUDE_IN_FRAMEWORK_HEADER = YES;
				CLANG_WARN_RANGE_LOOP_ANALYSIS = YES;
				CLANG_WARN_STRICT_PROTOTYPES = YES;
				CLANG_WARN_SUSPICIOUS_MOVE = YES;
				CLANG_WARN_UNGUARDED_AVAILABILITY = YES_AGGRESSIVE;
				CLANG_WARN_UNREACHABLE_CODE = YES;
				CLANG_WARN__DUPLICATE_METHOD_MATCH = YES;
				CODE_SIGN_IDENTITY = "-";
				COPY_PHASE_STRIP = NO;
				DEAD_CODE_STRIPPING = YES;
				DEBUG_INFORMATION_FORMAT = dwarf;
				ENABLE_STRICT_OBJC_MSGSEND = YES;
				ENABLE_TESTABILITY = YES;
				ENABLE_USER_SCRIPT_SANDBOXING = YES;
				GCC_C_LANGUAGE_STANDARD = gnu11;
				GCC_DYNAMIC_NO_PIC = NO;
				GCC_NO_COMMON_BLOCKS = YES;
				GCC_OPTIMIZATION_LEVEL = 0;
				GCC_PREPROCESSOR_DEFINITIONS = (
					"DEBUG=1",
					"$(inherited)",
				);
				GCC_WARN_64_TO_32_BIT_CONVERSION = YES;
				GCC_WARN_ABOUT_RETURN_TYPE = YES_ERROR;
				GCC_WARN_UNDECLARED_SELECTOR = YES;
				GCC_WARN_UNINITIALIZED_AUTOS = YES_AGGRESSIVE;
				GCC_WARN_UNUSED_FUNCTION = YES;
				GCC_WARN_UNUSED_VARIABLE = YES;
				MACOSX_DEPLOYMENT_TARGET = 10.15;
				MTL_ENABLE_DEBUG_INFO = INCLUDE_SOURCE;
				MTL_FAST_MATH = YES;
				ONLY_ACTIVE_ARCH = YES;
				OTHER_CFLAGS = "-DLSAN_HANDLE_OBJC";
				SDKROOT = macosx;
			};
			name = Debug;
		};
		BF97EB5928831E5B00DAF1FE /* Release */ = {
			isa = XCBuildConfiguration;
			buildSettings = {
				ALWAYS_SEARCH_USER_PATHS = NO;
				CLANG_ANALYZER_NONNULL = YES;
				CLANG_ANALYZER_NUMBER_OBJECT_CONVERSION = YES_AGGRESSIVE;
				CLANG_CXX_LANGUAGE_STANDARD = "c++17";
				CLANG_CXX_LIBRARY = "libc++";
				CLANG_ENABLE_MODULES = YES;
				CLANG_ENABLE_OBJC_ARC = YES;
				CLANG_ENABLE_OBJC_WEAK = YES;
				CLANG_WARN_BLOCK_CAPTURE_AUTORELEASING = YES;
				CLANG_WARN_BOOL_CONVERSION = YES;
				CLANG_WARN_COMMA = YES;
				CLANG_WARN_CONSTANT_CONVERSION = YES;
				CLANG_WARN_DEPRECATED_OBJC_IMPLEMENTATIONS = YES;
				CLANG_WARN_DIRECT_OBJC_ISA_USAGE = YES_ERROR;
				CLANG_WARN_DOCUMENTATION_COMMENTS = YES;
				CLANG_WARN_EMPTY_BODY = YES;
				CLANG_WARN_ENUM_CONVERSION = YES;
				CLANG_WARN_INFINITE_RECURSION = YES;
				CLANG_WARN_INT_CONVERSION = YES;
				CLANG_WARN_NON_LITERAL_NULL_CONVERSION = YES;
				CLANG_WARN_OBJC_IMPLICIT_RETAIN_SELF = YES;
				CLANG_WARN_OBJC_LITERAL_CONVERSION = YES;
				CLANG_WARN_OBJC_ROOT_CLASS = YES_ERROR;
				CLANG_WARN_QUOTED_INCLUDE_IN_FRAMEWORK_HEADER = YES;
				CLANG_WARN_RANGE_LOOP_ANALYSIS = YES;
				CLANG_WARN_STRICT_PROTOTYPES = YES;
				CLANG_WARN_SUSPICIOUS_MOVE = YES;
				CLANG_WARN_UNGUARDED_AVAILABILITY = YES_AGGRESSIVE;
				CLANG_WARN_UNREACHABLE_CODE = YES;
				CLANG_WARN__DUPLICATE_METHOD_MATCH = YES;
				CODE_SIGN_IDENTITY = "-";
				COPY_PHASE_STRIP = NO;
				DEAD_CODE_STRIPPING = YES;
				DEBUG_INFORMATION_FORMAT = "dwarf-with-dsym";
				ENABLE_NS_ASSERTIONS = NO;
				ENABLE_STRICT_OBJC_MSGSEND = YES;
				ENABLE_USER_SCRIPT_SANDBOXING = YES;
				GCC_C_LANGUAGE_STANDARD = gnu11;
				GCC_NO_COMMON_BLOCKS = YES;
				GCC_WARN_64_TO_32_BIT_CONVERSION = YES;
				GCC_WARN_ABOUT_RETURN_TYPE = YES_ERROR;
				GCC_WARN_UNDECLARED_SELECTOR = YES;
				GCC_WARN_UNINITIALIZED_AUTOS = YES_AGGRESSIVE;
				GCC_WARN_UNUSED_FUNCTION = YES;
				GCC_WARN_UNUSED_VARIABLE = YES;
				MACOSX_DEPLOYMENT_TARGET = 10.15;
				MTL_ENABLE_DEBUG_INFO = NO;
				MTL_FAST_MATH = YES;
				OTHER_CFLAGS = "-DLSAN_HANDLE_OBJC";
				SDKROOT = macosx;
			};
			name = Release;
		};
		BFCDA7EC2E2F7C2C0029AEC1 /* Debug */ = {
			isa = XCBuildConfiguration;
			buildSettings = {
				ASSETCATALOG_COMPILER_GENERATE_SWIFT_ASSET_SYMBOL_EXTENSIONS = YES;
				BUILD_LIBRARY_FOR_DISTRIBUTION = YES;
				CLANG_CXX_LANGUAGE_STANDARD = "c++23";
				CLANG_WARN_IMPLICIT_SIGN_CONVERSION = YES;
				CLANG_WARN_SUSPICIOUS_IMPLICIT_CONVERSION = YES;
				CODE_SIGN_IDENTITY = "";
				CODE_SIGN_STYLE = Automatic;
				COMBINE_HIDPI_IMAGES = YES;
				CURRENT_PROJECT_VERSION = 1.11;
				DEFINES_MODULE = YES;
				DEVELOPMENT_TEAM = "";
				DYLIB_COMPATIBILITY_VERSION = 1;
				DYLIB_CURRENT_VERSION = 1.11;
				DYLIB_INSTALL_NAME_BASE = "@rpath";
				ENABLE_MODULE_VERIFIER = YES;
				ENABLE_USER_SCRIPT_SANDBOXING = YES;
				GCC_C_LANGUAGE_STANDARD = gnu17;
				GCC_OPTIMIZATION_LEVEL = 1;
				GCC_WARN_ABOUT_MISSING_FIELD_INITIALIZERS = YES;
				GCC_WARN_ABOUT_MISSING_PROTOTYPES = YES;
				GCC_WARN_PEDANTIC = YES;
				GCC_WARN_SHADOW = YES;
				GCC_WARN_UNUSED_PARAMETER = YES;
				GENERATE_INFOPLIST_FILE = YES;
				HEADER_SEARCH_PATHS = (
					"$(PROJECT_DIR)/SimpleJSON/include",
					"$(PROJECT_DIR)/CallstackLibrary/include",
					"$(PROJECT_DIR)/include",
				);
				INFOPLIST_KEY_NSHumanReadableCopyright = "Copyright © 2025 mhahnFr. All rights reserved.";
				INSTALL_PATH = "$(LOCAL_LIBRARY_DIR)/Frameworks";
				LD_RUNPATH_SEARCH_PATHS = (
					"$(inherited)",
					"@executable_path/../Frameworks",
					"@loader_path/Frameworks",
				);
				LIBRARY_SEARCH_PATHS = (
					"$(inherited)",
					"$(PROJECT_DIR)/CallstackLibrary",
				);
				LOCALIZATION_PREFERS_STRING_CATALOGS = YES;
				MACOSX_DEPLOYMENT_TARGET = 15.5;
				MARKETING_VERSION = 1.0;
				MODULE_VERIFIER_SUPPORTED_LANGUAGES = "objective-c objective-c++";
				MODULE_VERIFIER_SUPPORTED_LANGUAGE_STANDARDS = "gnu17 gnu++20";
				OTHER_CFLAGS = "-D__LSAN_SILENCE_DEPRECATION";
				PRODUCT_BUNDLE_IDENTIFIER = fr.mhahn.LeakSanitizer;
				PRODUCT_NAME = "$(TARGET_NAME:c99extidentifier)";
				PROVISIONING_PROFILE_SPECIFIER = "";
				SKIP_INSTALL = YES;
				SWIFT_ACTIVE_COMPILATION_CONDITIONS = "DEBUG $(inherited)";
				SWIFT_EMIT_LOC_STRINGS = YES;
				SWIFT_INSTALL_MODULE = YES;
				SWIFT_INSTALL_OBJC_HEADER = NO;
				SWIFT_OPTIMIZATION_LEVEL = "-Onone";
				SWIFT_VERSION = 5.0;
				VERSIONING_SYSTEM = "apple-generic";
				VERSION_INFO_PREFIX = "";
			};
			name = Debug;
		};
		BFCDA7ED2E2F7C2C0029AEC1 /* Release */ = {
			isa = XCBuildConfiguration;
			buildSettings = {
				ASSETCATALOG_COMPILER_GENERATE_SWIFT_ASSET_SYMBOL_EXTENSIONS = YES;
				BUILD_LIBRARY_FOR_DISTRIBUTION = YES;
				CLANG_CXX_LANGUAGE_STANDARD = "c++23";
				CLANG_WARN_IMPLICIT_SIGN_CONVERSION = YES;
				CLANG_WARN_SUSPICIOUS_IMPLICIT_CONVERSION = YES;
				CODE_SIGN_IDENTITY = "";
				CODE_SIGN_STYLE = Automatic;
				COMBINE_HIDPI_IMAGES = YES;
				CURRENT_PROJECT_VERSION = 1.11;
				DEFINES_MODULE = YES;
				DEVELOPMENT_TEAM = "";
				DYLIB_COMPATIBILITY_VERSION = 1;
				DYLIB_CURRENT_VERSION = 1.11;
				DYLIB_INSTALL_NAME_BASE = "@rpath";
				ENABLE_MODULE_VERIFIER = YES;
				ENABLE_USER_SCRIPT_SANDBOXING = YES;
				GCC_C_LANGUAGE_STANDARD = gnu17;
				GCC_WARN_ABOUT_MISSING_FIELD_INITIALIZERS = YES;
				GCC_WARN_ABOUT_MISSING_PROTOTYPES = YES;
				GCC_WARN_PEDANTIC = YES;
				GCC_WARN_SHADOW = YES;
				GCC_WARN_UNUSED_PARAMETER = YES;
				GENERATE_INFOPLIST_FILE = YES;
				HEADER_SEARCH_PATHS = (
					"$(PROJECT_DIR)/SimpleJSON/include",
					"$(PROJECT_DIR)/CallstackLibrary/include",
					"$(PROJECT_DIR)/include",
				);
				INFOPLIST_KEY_NSHumanReadableCopyright = "Copyright © 2025 mhahnFr. All rights reserved.";
				INSTALL_PATH = "$(LOCAL_LIBRARY_DIR)/Frameworks";
				LD_RUNPATH_SEARCH_PATHS = (
					"$(inherited)",
					"@executable_path/../Frameworks",
					"@loader_path/Frameworks",
				);
				LIBRARY_SEARCH_PATHS = (
					"$(inherited)",
					"$(PROJECT_DIR)/CallstackLibrary",
				);
				LOCALIZATION_PREFERS_STRING_CATALOGS = YES;
				MACOSX_DEPLOYMENT_TARGET = 15.5;
				MARKETING_VERSION = 1.0;
				MODULE_VERIFIER_SUPPORTED_LANGUAGES = "objective-c objective-c++";
				MODULE_VERIFIER_SUPPORTED_LANGUAGE_STANDARDS = "gnu17 gnu++20";
				OTHER_CFLAGS = "-D__LSAN_SILENCE_DEPRECATION";
				PRODUCT_BUNDLE_IDENTIFIER = fr.mhahn.LeakSanitizer;
				PRODUCT_NAME = "$(TARGET_NAME:c99extidentifier)";
				PROVISIONING_PROFILE_SPECIFIER = "";
				SKIP_INSTALL = YES;
				SWIFT_COMPILATION_MODE = wholemodule;
				SWIFT_EMIT_LOC_STRINGS = YES;
				SWIFT_INSTALL_MODULE = YES;
				SWIFT_INSTALL_OBJC_HEADER = NO;
				SWIFT_VERSION = 5.0;
				VERSIONING_SYSTEM = "apple-generic";
				VERSION_INFO_PREFIX = "";
			};
			name = Release;
		};
		F13529B52D1083FD002534D0 /* Debug */ = {
			isa = XCBuildConfiguration;
			buildSettings = {
				ASSETCATALOG_COMPILER_GENERATE_SWIFT_ASSET_SYMBOL_EXTENSIONS = YES;
				CLANG_CXX_LANGUAGE_STANDARD = "gnu++20";
				CODE_SIGN_STYLE = Automatic;
				CXX_FUNCTIONS = true;
				DEBUGGING_SYMBOLS = YES;
				DEBUG_INFORMATION_FORMAT = dwarf;
				GCC_C_LANGUAGE_STANDARD = gnu17;
				GCC_GENERATE_DEBUGGING_SYMBOLS = YES;
				GCC_OPTIMIZATION_LEVEL = 0;
				LOCALIZATION_PREFERS_STRING_CATALOGS = YES;
				OTHER_CFLAGS = "";
				OTHER_LDFLAGS = "";
				PRODUCT_NAME = "$(TARGET_NAME)";
			};
			name = Debug;
		};
		F13529B62D1083FD002534D0 /* Release */ = {
			isa = XCBuildConfiguration;
			buildSettings = {
				ASSETCATALOG_COMPILER_GENERATE_SWIFT_ASSET_SYMBOL_EXTENSIONS = YES;
				CLANG_CXX_LANGUAGE_STANDARD = "gnu++20";
				CODE_SIGN_STYLE = Automatic;
				CXX_FUNCTIONS = true;
				DEBUG_INFORMATION_FORMAT = "dwarf-with-dsym";
				GCC_C_LANGUAGE_STANDARD = gnu17;
				LOCALIZATION_PREFERS_STRING_CATALOGS = YES;
				OTHER_CFLAGS = "";
				OTHER_LDFLAGS = "";
				PRODUCT_NAME = "$(TARGET_NAME)";
			};
			name = Release;
		};
/* End XCBuildConfiguration section */

/* Begin XCConfigurationList section */
		BF97EB5128831E5B00DAF1FE /* Build configuration list for PBXProject "LeakSanitizer" */ = {
			isa = XCConfigurationList;
			buildConfigurations = (
				BF97EB5828831E5B00DAF1FE /* Debug */,
				BF97EB5928831E5B00DAF1FE /* Release */,
			);
			defaultConfigurationIsVisible = 0;
			defaultConfigurationName = Release;
		};
		BFCDA7EB2E2F7C2C0029AEC1 /* Build configuration list for PBXNativeTarget "LeakSanitizer" */ = {
			isa = XCConfigurationList;
			buildConfigurations = (
				BFCDA7EC2E2F7C2C0029AEC1 /* Debug */,
				BFCDA7ED2E2F7C2C0029AEC1 /* Release */,
			);
			defaultConfigurationIsVisible = 0;
			defaultConfigurationName = Release;
		};
		F13529B42D1083FD002534D0 /* Build configuration list for PBXLegacyTarget "CallstackLibrary" */ = {
			isa = XCConfigurationList;
			buildConfigurations = (
				F13529B52D1083FD002534D0 /* Debug */,
				F13529B62D1083FD002534D0 /* Release */,
			);
			defaultConfigurationIsVisible = 0;
			defaultConfigurationName = Release;
		};
/* End XCConfigurationList section */
	};
	rootObject = BF97EB4E28831E5B00DAF1FE /* Project object */;
}
