// !$*UTF8*$!
{
	archiveVersion = 1;
	classes = {
	};
	objectVersion = 54;
	objects = {

/* Begin PBXBuildFile section */
		BF0F133229194786008F0FCD /* bytePrinter.cpp in Sources */ = {isa = PBXBuildFile; fileRef = BF621FE028A2B61E00414EE4 /* bytePrinter.cpp */; };
		BF0F13352919478B008F0FCD /* lsan_stats.cpp in Sources */ = {isa = PBXBuildFile; fileRef = BF23A2DC289ECE6A00B17349 /* lsan_stats.cpp */; };
		BF0F13382919478E008F0FCD /* lsan_internals.cpp in Sources */ = {isa = PBXBuildFile; fileRef = BF621FDB28A291DE00414EE4 /* lsan_internals.cpp */; };
		BF0F133B29194791008F0FCD /* LeakSani.cpp in Sources */ = {isa = PBXBuildFile; fileRef = BF72C3CA2885CB9E00C7AE5C /* LeakSani.cpp */; };
		BF0F133E29194794008F0FCD /* Stats.cpp in Sources */ = {isa = PBXBuildFile; fileRef = BF23A2E0289ED24200B17349 /* Stats.cpp */; };
		BF0F134129194797008F0FCD /* MallocInfo.cpp in Sources */ = {isa = PBXBuildFile; fileRef = BFBF736328831FC200BC4208 /* MallocInfo.cpp */; };
		BF0F1347291947A2008F0FCD /* wrap_malloc.cpp in Sources */ = {isa = PBXBuildFile; fileRef = BFBF736728832C3300BC4208 /* wrap_malloc.cpp */; };
		BF0F134D291947A8008F0FCD /* signalHandlers.cpp in Sources */ = {isa = PBXBuildFile; fileRef = BF49A5D72899599300BC1FFD /* signalHandlers.cpp */; };
		BF0F1350291947C0008F0FCD /* formatter.hpp in Headers */ = {isa = PBXBuildFile; fileRef = BFAFADC528B4FDA40060076C /* formatter.hpp */; };
		BF0F1353291947C9008F0FCD /* bytePrinter.hpp in Headers */ = {isa = PBXBuildFile; fileRef = BF621FE128A2B61E00414EE4 /* bytePrinter.hpp */; };
		BF23A2DE289ECE6A00B17349 /* lsan_stats.cpp in Sources */ = {isa = PBXBuildFile; fileRef = BF23A2DC289ECE6A00B17349 /* lsan_stats.cpp */; };
		BF23A2DF289ECE6A00B17349 /* lsan_stats.h in Headers */ = {isa = PBXBuildFile; fileRef = BF23A2DD289ECE6A00B17349 /* lsan_stats.h */; settings = {ATTRIBUTES = (Public, ); }; };
		BF23A2E2289ED24200B17349 /* Stats.cpp in Sources */ = {isa = PBXBuildFile; fileRef = BF23A2E0289ED24200B17349 /* Stats.cpp */; };
		BF23A2E3289ED24200B17349 /* Stats.hpp in Headers */ = {isa = PBXBuildFile; fileRef = BF23A2E1289ED24200B17349 /* Stats.hpp */; };
		BF2C5CB22AEAB75100DE2224 /* exceptionHandler.cpp in Sources */ = {isa = PBXBuildFile; fileRef = BF2C5CB02AEAB63600DE2224 /* exceptionHandler.cpp */; };
		BF2C5CB32AEAB75B00DE2224 /* exceptionHandler.hpp in Headers */ = {isa = PBXBuildFile; fileRef = BF2C5CB12AEAB63600DE2224 /* exceptionHandler.hpp */; };
		BF2C5CB42AEAB76A00DE2224 /* exceptionHandler.hpp in Headers */ = {isa = PBXBuildFile; fileRef = BF2C5CB12AEAB63600DE2224 /* exceptionHandler.hpp */; };
		BF2C5CB52AEAB76F00DE2224 /* exceptionHandler.cpp in Sources */ = {isa = PBXBuildFile; fileRef = BF2C5CB02AEAB63600DE2224 /* exceptionHandler.cpp */; };
		BF3204EE2AC5C614004EC77E /* callstackHelper.cpp in Sources */ = {isa = PBXBuildFile; fileRef = BF3204EC2AC5C614004EC77E /* callstackHelper.cpp */; };
		BF3204EF2AC5C614004EC77E /* callstackHelper.cpp in Sources */ = {isa = PBXBuildFile; fileRef = BF3204EC2AC5C614004EC77E /* callstackHelper.cpp */; };
		BF3204F02AC5C614004EC77E /* callstackHelper.hpp in Headers */ = {isa = PBXBuildFile; fileRef = BF3204ED2AC5C614004EC77E /* callstackHelper.hpp */; };
		BF3204F12AC5C614004EC77E /* callstackHelper.hpp in Headers */ = {isa = PBXBuildFile; fileRef = BF3204ED2AC5C614004EC77E /* callstackHelper.hpp */; };
		BF378F932919482E00A4DAA9 /* Stats.hpp in Headers */ = {isa = PBXBuildFile; fileRef = BF23A2E1289ED24200B17349 /* Stats.hpp */; };
		BF378F962919483900A4DAA9 /* LeakSani.hpp in Headers */ = {isa = PBXBuildFile; fileRef = BF72C3C92885CB9E00C7AE5C /* LeakSani.hpp */; };
		BF378F992919483B00A4DAA9 /* MallocInfo.hpp in Headers */ = {isa = PBXBuildFile; fileRef = BFBF736428831FC200BC4208 /* MallocInfo.hpp */; };
		BF378F9F2919484100A4DAA9 /* signalHandlers.hpp in Headers */ = {isa = PBXBuildFile; fileRef = BF49A5D82899599300BC1FFD /* signalHandlers.hpp */; };
		BF378FA52919484800A4DAA9 /* wrap_malloc.hpp in Headers */ = {isa = PBXBuildFile; fileRef = BFBF736928832F8100BC4208 /* wrap_malloc.hpp */; };
		BF378FA82919484A00A4DAA9 /* lsan_stats.h in Headers */ = {isa = PBXBuildFile; fileRef = BF23A2DD289ECE6A00B17349 /* lsan_stats.h */; settings = {ATTRIBUTES = (Public, ); }; };
		BF378FAB2919484C00A4DAA9 /* leaksan.h in Headers */ = {isa = PBXBuildFile; fileRef = BF72C3CB2885CB9E00C7AE5C /* leaksan.h */; };
		BF378FAE2919484E00A4DAA9 /* lsan_internals.h in Headers */ = {isa = PBXBuildFile; fileRef = BF621FDC28A291DE00414EE4 /* lsan_internals.h */; settings = {ATTRIBUTES = (Public, ); }; };
		BF378FB52919496000A4DAA9 /* libcallstack.a in Frameworks */ = {isa = PBXBuildFile; fileRef = BF378FB42919496000A4DAA9 /* libcallstack.a */; };
		BF378FB8291949D700A4DAA9 /* libcallstack.a in Frameworks */ = {isa = PBXBuildFile; fileRef = BF378FB42919496000A4DAA9 /* libcallstack.a */; };
		BF4368F42AACF04700252E2A /* crashWarner.cpp in Sources */ = {isa = PBXBuildFile; fileRef = BF4368F32AACF04700252E2A /* crashWarner.cpp */; };
		BF4368F52AACF04700252E2A /* crashWarner.cpp in Sources */ = {isa = PBXBuildFile; fileRef = BF4368F32AACF04700252E2A /* crashWarner.cpp */; };
		BF49A5D92899599300BC1FFD /* signalHandlers.cpp in Sources */ = {isa = PBXBuildFile; fileRef = BF49A5D72899599300BC1FFD /* signalHandlers.cpp */; };
		BF49A5DA2899599300BC1FFD /* signalHandlers.hpp in Headers */ = {isa = PBXBuildFile; fileRef = BF49A5D82899599300BC1FFD /* signalHandlers.hpp */; };
		BF621FDD28A291DE00414EE4 /* lsan_internals.cpp in Sources */ = {isa = PBXBuildFile; fileRef = BF621FDB28A291DE00414EE4 /* lsan_internals.cpp */; };
		BF621FDE28A291DE00414EE4 /* lsan_internals.h in Headers */ = {isa = PBXBuildFile; fileRef = BF621FDC28A291DE00414EE4 /* lsan_internals.h */; settings = {ATTRIBUTES = (Public, ); }; };
		BF621FE228A2B61E00414EE4 /* bytePrinter.cpp in Sources */ = {isa = PBXBuildFile; fileRef = BF621FE028A2B61E00414EE4 /* bytePrinter.cpp */; };
		BF621FE328A2B61E00414EE4 /* bytePrinter.hpp in Headers */ = {isa = PBXBuildFile; fileRef = BF621FE128A2B61E00414EE4 /* bytePrinter.hpp */; };
		BF72C3CD2885CB9E00C7AE5C /* LeakSani.hpp in Headers */ = {isa = PBXBuildFile; fileRef = BF72C3C92885CB9E00C7AE5C /* LeakSani.hpp */; };
		BF72C3CE2885CB9E00C7AE5C /* LeakSani.cpp in Sources */ = {isa = PBXBuildFile; fileRef = BF72C3CA2885CB9E00C7AE5C /* LeakSani.cpp */; };
		BF72C3CF2885CB9E00C7AE5C /* leaksan.h in Headers */ = {isa = PBXBuildFile; fileRef = BF72C3CB2885CB9E00C7AE5C /* leaksan.h */; };
		BF84625D2AD1B489003B05F5 /* lsanMisc.cpp in Sources */ = {isa = PBXBuildFile; fileRef = BF84625B2AD1B489003B05F5 /* lsanMisc.cpp */; };
		BF84625E2AD1B489003B05F5 /* lsanMisc.cpp in Sources */ = {isa = PBXBuildFile; fileRef = BF84625B2AD1B489003B05F5 /* lsanMisc.cpp */; };
		BF84625F2AD1B489003B05F5 /* lsanMisc.hpp in Headers */ = {isa = PBXBuildFile; fileRef = BF84625C2AD1B489003B05F5 /* lsanMisc.hpp */; };
		BF8462602AD1B489003B05F5 /* lsanMisc.hpp in Headers */ = {isa = PBXBuildFile; fileRef = BF84625C2AD1B489003B05F5 /* lsanMisc.hpp */; };
		BFA41A3F2AB8BC1800DF6FAC /* init.cpp in Sources */ = {isa = PBXBuildFile; fileRef = BFA41A3E2AB8BC1800DF6FAC /* init.cpp */; };
		BFA41A402AB8BC1800DF6FAC /* init.cpp in Sources */ = {isa = PBXBuildFile; fileRef = BFA41A3E2AB8BC1800DF6FAC /* init.cpp */; };
		BFAFADC728B4FDA40060076C /* formatter.hpp in Headers */ = {isa = PBXBuildFile; fileRef = BFAFADC528B4FDA40060076C /* formatter.hpp */; };
		BFBF736528831FC200BC4208 /* MallocInfo.cpp in Sources */ = {isa = PBXBuildFile; fileRef = BFBF736328831FC200BC4208 /* MallocInfo.cpp */; };
		BFBF736628831FC200BC4208 /* MallocInfo.hpp in Headers */ = {isa = PBXBuildFile; fileRef = BFBF736428831FC200BC4208 /* MallocInfo.hpp */; };
		BFBF736828832C3300BC4208 /* wrap_malloc.cpp in Sources */ = {isa = PBXBuildFile; fileRef = BFBF736728832C3300BC4208 /* wrap_malloc.cpp */; };
		BFBF736A28832F8100BC4208 /* wrap_malloc.hpp in Headers */ = {isa = PBXBuildFile; fileRef = BFBF736928832F8100BC4208 /* wrap_malloc.hpp */; };
/* End PBXBuildFile section */

/* Begin PBXFileReference section */
		BF04B4B328F86EEA00051090 /* .gitignore */ = {isa = PBXFileReference; lastKnownFileType = text; path = .gitignore; sourceTree = "<group>"; };
		BF0F131C29194652008F0FCD /* liblsan.dylib */ = {isa = PBXFileReference; explicitFileType = "compiled.mach-o.dylib"; includeInIndex = 0; path = liblsan.dylib; sourceTree = BUILT_PRODUCTS_DIR; };
		BF23A2DC289ECE6A00B17349 /* lsan_stats.cpp */ = {isa = PBXFileReference; lastKnownFileType = sourcecode.cpp.cpp; path = lsan_stats.cpp; sourceTree = "<group>"; };
		BF23A2DD289ECE6A00B17349 /* lsan_stats.h */ = {isa = PBXFileReference; lastKnownFileType = sourcecode.c.h; path = lsan_stats.h; sourceTree = "<group>"; };
		BF23A2E0289ED24200B17349 /* Stats.cpp */ = {isa = PBXFileReference; lastKnownFileType = sourcecode.cpp.cpp; path = Stats.cpp; sourceTree = "<group>"; };
		BF23A2E1289ED24200B17349 /* Stats.hpp */ = {isa = PBXFileReference; lastKnownFileType = sourcecode.cpp.h; path = Stats.hpp; sourceTree = "<group>"; };
		BF2C5CB02AEAB63600DE2224 /* exceptionHandler.cpp */ = {isa = PBXFileReference; lastKnownFileType = sourcecode.cpp.cpp; path = exceptionHandler.cpp; sourceTree = "<group>"; };
		BF2C5CB12AEAB63600DE2224 /* exceptionHandler.hpp */ = {isa = PBXFileReference; lastKnownFileType = sourcecode.cpp.h; path = exceptionHandler.hpp; sourceTree = "<group>"; };
		BF3204EC2AC5C614004EC77E /* callstackHelper.cpp */ = {isa = PBXFileReference; lastKnownFileType = sourcecode.cpp.cpp; path = callstackHelper.cpp; sourceTree = "<group>"; };
		BF3204ED2AC5C614004EC77E /* callstackHelper.hpp */ = {isa = PBXFileReference; lastKnownFileType = sourcecode.cpp.h; path = callstackHelper.hpp; sourceTree = "<group>"; };
		BF34157C2A8405AD00DEEF10 /* deprecation.h */ = {isa = PBXFileReference; lastKnownFileType = sourcecode.c.h; path = deprecation.h; sourceTree = "<group>"; };
		BF378FB42919496000A4DAA9 /* libcallstack.a */ = {isa = PBXFileReference; lastKnownFileType = archive.ar; name = libcallstack.a; path = CallstackLibrary/libcallstack.a; sourceTree = "<group>"; };
		BF4368F32AACF04700252E2A /* crashWarner.cpp */ = {isa = PBXFileReference; lastKnownFileType = sourcecode.cpp.cpp; path = crashWarner.cpp; sourceTree = "<group>"; };
		BF4368F62AACF06F00252E2A /* crash.hpp */ = {isa = PBXFileReference; lastKnownFileType = sourcecode.cpp.h; path = crash.hpp; sourceTree = "<group>"; };
		BF4368F72AACF07700252E2A /* warn.hpp */ = {isa = PBXFileReference; lastKnownFileType = sourcecode.cpp.h; path = warn.hpp; sourceTree = "<group>"; };
		BF49A5D72899599300BC1FFD /* signalHandlers.cpp */ = {isa = PBXFileReference; lastKnownFileType = sourcecode.cpp.cpp; path = signalHandlers.cpp; sourceTree = "<group>"; };
		BF49A5D82899599300BC1FFD /* signalHandlers.hpp */ = {isa = PBXFileReference; lastKnownFileType = sourcecode.cpp.h; path = signalHandlers.hpp; sourceTree = "<group>"; };
		BF4C28E828B66033001EB53E /* Makefile */ = {isa = PBXFileReference; lastKnownFileType = sourcecode.make; path = Makefile; sourceTree = "<group>"; };
		BF5F19FB28B3EFFB00DAEDE7 /* LICENSE */ = {isa = PBXFileReference; fileEncoding = 4; lastKnownFileType = text; path = LICENSE; sourceTree = "<group>"; };
		BF5F19FC28B3F00600DAEDE7 /* README.md */ = {isa = PBXFileReference; fileEncoding = 4; lastKnownFileType = net.daringfireball.markdown; path = README.md; sourceTree = "<group>"; };
		BF621FDB28A291DE00414EE4 /* lsan_internals.cpp */ = {isa = PBXFileReference; lastKnownFileType = sourcecode.cpp.cpp; path = lsan_internals.cpp; sourceTree = "<group>"; };
		BF621FDC28A291DE00414EE4 /* lsan_internals.h */ = {isa = PBXFileReference; lastKnownFileType = sourcecode.c.h; path = lsan_internals.h; sourceTree = "<group>"; };
		BF621FE028A2B61E00414EE4 /* bytePrinter.cpp */ = {isa = PBXFileReference; lastKnownFileType = sourcecode.cpp.cpp; path = bytePrinter.cpp; sourceTree = "<group>"; };
		BF621FE128A2B61E00414EE4 /* bytePrinter.hpp */ = {isa = PBXFileReference; lastKnownFileType = sourcecode.cpp.h; path = bytePrinter.hpp; sourceTree = "<group>"; };
		BF72C3C92885CB9E00C7AE5C /* LeakSani.hpp */ = {isa = PBXFileReference; fileEncoding = 4; lastKnownFileType = sourcecode.cpp.h; path = LeakSani.hpp; sourceTree = "<group>"; };
		BF72C3CA2885CB9E00C7AE5C /* LeakSani.cpp */ = {isa = PBXFileReference; fileEncoding = 4; lastKnownFileType = sourcecode.cpp.cpp; path = LeakSani.cpp; sourceTree = "<group>"; };
		BF72C3CB2885CB9E00C7AE5C /* leaksan.h */ = {isa = PBXFileReference; fileEncoding = 4; lastKnownFileType = sourcecode.c.h; path = leaksan.h; sourceTree = "<group>"; };
		BF72C3CC2885CB9E00C7AE5C /* stdlib.h */ = {isa = PBXFileReference; fileEncoding = 4; lastKnownFileType = sourcecode.c.h; path = stdlib.h; sourceTree = "<group>"; };
		BF84625A2AD1B2D3003B05F5 /* init.hpp */ = {isa = PBXFileReference; lastKnownFileType = sourcecode.cpp.h; path = init.hpp; sourceTree = "<group>"; };
		BF84625B2AD1B489003B05F5 /* lsanMisc.cpp */ = {isa = PBXFileReference; lastKnownFileType = sourcecode.cpp.cpp; path = lsanMisc.cpp; sourceTree = "<group>"; };
		BF84625C2AD1B489003B05F5 /* lsanMisc.hpp */ = {isa = PBXFileReference; lastKnownFileType = sourcecode.cpp.h; path = lsanMisc.hpp; sourceTree = "<group>"; };
		BF9623AC2AB36B86005FF2B7 /* interpose.hpp */ = {isa = PBXFileReference; lastKnownFileType = sourcecode.cpp.h; path = interpose.hpp; sourceTree = "<group>"; };
		BF97EB5628831E5B00DAF1FE /* liblsan.a */ = {isa = PBXFileReference; explicitFileType = archive.ar; includeInIndex = 0; path = liblsan.a; sourceTree = BUILT_PRODUCTS_DIR; };
		BFA41A3E2AB8BC1800DF6FAC /* init.cpp */ = {isa = PBXFileReference; lastKnownFileType = sourcecode.cpp.cpp; path = init.cpp; sourceTree = "<group>"; };
		BFAFADC528B4FDA40060076C /* formatter.hpp */ = {isa = PBXFileReference; lastKnownFileType = sourcecode.cpp.h; name = formatter.hpp; path = src/formatter.hpp; sourceTree = SOURCE_ROOT; };
		BFBCAD892ACF376600C6B69F /* realAlloc.hpp */ = {isa = PBXFileReference; lastKnownFileType = sourcecode.cpp.h; path = realAlloc.hpp; sourceTree = "<group>"; };
		BFBF736328831FC200BC4208 /* MallocInfo.cpp */ = {isa = PBXFileReference; lastKnownFileType = sourcecode.cpp.cpp; path = MallocInfo.cpp; sourceTree = "<group>"; };
		BFBF736428831FC200BC4208 /* MallocInfo.hpp */ = {isa = PBXFileReference; lastKnownFileType = sourcecode.cpp.h; path = MallocInfo.hpp; sourceTree = "<group>"; };
		BFBF736728832C3300BC4208 /* wrap_malloc.cpp */ = {isa = PBXFileReference; lastKnownFileType = sourcecode.cpp.cpp; path = wrap_malloc.cpp; sourceTree = "<group>"; };
		BFBF736928832F8100BC4208 /* wrap_malloc.hpp */ = {isa = PBXFileReference; lastKnownFileType = sourcecode.cpp.h; path = wrap_malloc.hpp; sourceTree = "<group>"; };
/* End PBXFileReference section */

/* Begin PBXFrameworksBuildPhase section */
		BF0F131A29194652008F0FCD /* Frameworks */ = {
			isa = PBXFrameworksBuildPhase;
			buildActionMask = 2147483647;
			files = (
				BF378FB52919496000A4DAA9 /* libcallstack.a in Frameworks */,
			);
			runOnlyForDeploymentPostprocessing = 0;
		};
		BF97EB5428831E5B00DAF1FE /* Frameworks */ = {
			isa = PBXFrameworksBuildPhase;
			buildActionMask = 2147483647;
			files = (
				BF378FB8291949D700A4DAA9 /* libcallstack.a in Frameworks */,
			);
			runOnlyForDeploymentPostprocessing = 0;
		};
/* End PBXFrameworksBuildPhase section */

/* Begin PBXGroup section */
		BF3204F22AC5C625004EC77E /* callstacks */ = {
			isa = PBXGroup;
			children = (
				BF3204EC2AC5C614004EC77E /* callstackHelper.cpp */,
				BF3204ED2AC5C614004EC77E /* callstackHelper.hpp */,
			);
			path = callstacks;
			sourceTree = "<group>";
		};
		BF378FB32919496000A4DAA9 /* Frameworks */ = {
			isa = PBXGroup;
			children = (
				BF378FB42919496000A4DAA9 /* libcallstack.a */,
			);
			name = Frameworks;
			sourceTree = "<group>";
		};
		BF41CC5D2A813B4500EAA3A1 /* statistics */ = {
			isa = PBXGroup;
			children = (
				BF23A2DC289ECE6A00B17349 /* lsan_stats.cpp */,
				BF23A2E0289ED24200B17349 /* Stats.cpp */,
				BF23A2E1289ED24200B17349 /* Stats.hpp */,
			);
			path = statistics;
			sourceTree = "<group>";
		};
		BF4368F22AACEFFE00252E2A /* crashWarner */ = {
			isa = PBXGroup;
			children = (
				BF4368F32AACF04700252E2A /* crashWarner.cpp */,
				BF4368F62AACF06F00252E2A /* crash.hpp */,
				BF4368F72AACF07700252E2A /* warn.hpp */,
				BF2C5CB02AEAB63600DE2224 /* exceptionHandler.cpp */,
				BF2C5CB12AEAB63600DE2224 /* exceptionHandler.hpp */,
			);
			path = crashWarner;
			sourceTree = "<group>";
		};
		BF643E5C28A40C970080DB21 /* include */ = {
			isa = PBXGroup;
			children = (
				BF23A2DD289ECE6A00B17349 /* lsan_stats.h */,
				BF72C3CB2885CB9E00C7AE5C /* leaksan.h */,
				BF621FDC28A291DE00414EE4 /* lsan_internals.h */,
				BF72C3CC2885CB9E00C7AE5C /* stdlib.h */,
				BF34157C2A8405AD00DEEF10 /* deprecation.h */,
			);
			path = include;
			sourceTree = "<group>";
		};
		BF97EB4D28831E5B00DAF1FE = {
			isa = PBXGroup;
			children = (
				BF4C28E828B66033001EB53E /* Makefile */,
				BF5F19FC28B3F00600DAEDE7 /* README.md */,
				BF5F19FB28B3EFFB00DAEDE7 /* LICENSE */,
				BF04B4B328F86EEA00051090 /* .gitignore */,
				BF9DD3A428A6761400AEBC17 /* src */,
				BF643E5C28A40C970080DB21 /* include */,
				BF97EB5728831E5B00DAF1FE /* Products */,
				BF378FB32919496000A4DAA9 /* Frameworks */,
			);
			sourceTree = "<group>";
		};
		BF97EB5728831E5B00DAF1FE /* Products */ = {
			isa = PBXGroup;
			children = (
				BF97EB5628831E5B00DAF1FE /* liblsan.a */,
				BF0F131C29194652008F0FCD /* liblsan.dylib */,
			);
			name = Products;
			sourceTree = "<group>";
		};
		BF9DD3A428A6761400AEBC17 /* src */ = {
			isa = PBXGroup;
			children = (
				BFBCAD8A2ACF611A00C6B69F /* allocations */,
				BF3204F22AC5C625004EC77E /* callstacks */,
				BFA41A3D2AB8BBBC00DF6FAC /* initialization */,
				BF4368F22AACEFFE00252E2A /* crashWarner */,
				BF41CC5D2A813B4500EAA3A1 /* statistics */,
				BFAFADC528B4FDA40060076C /* formatter.hpp */,
				BF621FE028A2B61E00414EE4 /* bytePrinter.cpp */,
				BF621FE128A2B61E00414EE4 /* bytePrinter.hpp */,
				BF621FDB28A291DE00414EE4 /* lsan_internals.cpp */,
				BF72C3CA2885CB9E00C7AE5C /* LeakSani.cpp */,
				BF72C3C92885CB9E00C7AE5C /* LeakSani.hpp */,
				BFBF736328831FC200BC4208 /* MallocInfo.cpp */,
				BFBF736428831FC200BC4208 /* MallocInfo.hpp */,
				BF49A5D72899599300BC1FFD /* signalHandlers.cpp */,
				BF49A5D82899599300BC1FFD /* signalHandlers.hpp */,
				BF84625B2AD1B489003B05F5 /* lsanMisc.cpp */,
				BF84625C2AD1B489003B05F5 /* lsanMisc.hpp */,
			);
			path = src;
			sourceTree = "<group>";
		};
		BFA41A3D2AB8BBBC00DF6FAC /* initialization */ = {
			isa = PBXGroup;
			children = (
				BFA41A3E2AB8BC1800DF6FAC /* init.cpp */,
				BF84625A2AD1B2D3003B05F5 /* init.hpp */,
			);
			path = initialization;
			sourceTree = "<group>";
		};
		BFBCAD8A2ACF611A00C6B69F /* allocations */ = {
			isa = PBXGroup;
			children = (
				BFBF736728832C3300BC4208 /* wrap_malloc.cpp */,
				BFBF736928832F8100BC4208 /* wrap_malloc.hpp */,
				BF9623AC2AB36B86005FF2B7 /* interpose.hpp */,
				BFBCAD892ACF376600C6B69F /* realAlloc.hpp */,
			);
			path = allocations;
			sourceTree = "<group>";
		};
/* End PBXGroup section */

/* Begin PBXHeadersBuildPhase section */
		BF0F131829194652008F0FCD /* Headers */ = {
			isa = PBXHeadersBuildPhase;
			buildActionMask = 2147483647;
			files = (
				BF378FA82919484A00A4DAA9 /* lsan_stats.h in Headers */,
				BF378FAE2919484E00A4DAA9 /* lsan_internals.h in Headers */,
				BF2C5CB42AEAB76A00DE2224 /* exceptionHandler.hpp in Headers */,
				BF0F1353291947C9008F0FCD /* bytePrinter.hpp in Headers */,
				BF0F1350291947C0008F0FCD /* formatter.hpp in Headers */,
				BF8462602AD1B489003B05F5 /* lsanMisc.hpp in Headers */,
				BF3204F12AC5C614004EC77E /* callstackHelper.hpp in Headers */,
				BF378F962919483900A4DAA9 /* LeakSani.hpp in Headers */,
				BF378F932919482E00A4DAA9 /* Stats.hpp in Headers */,
				BF378F992919483B00A4DAA9 /* MallocInfo.hpp in Headers */,
				BF378FA52919484800A4DAA9 /* wrap_malloc.hpp in Headers */,
				BF378FAB2919484C00A4DAA9 /* leaksan.h in Headers */,
				BF378F9F2919484100A4DAA9 /* signalHandlers.hpp in Headers */,
			);
			runOnlyForDeploymentPostprocessing = 0;
		};
		BF97EB5228831E5B00DAF1FE /* Headers */ = {
			isa = PBXHeadersBuildPhase;
			buildActionMask = 2147483647;
			files = (
				BF23A2DF289ECE6A00B17349 /* lsan_stats.h in Headers */,
				BF621FDE28A291DE00414EE4 /* lsan_internals.h in Headers */,
				BF2C5CB32AEAB75B00DE2224 /* exceptionHandler.hpp in Headers */,
				BF72C3CF2885CB9E00C7AE5C /* leaksan.h in Headers */,
				BFBF736628831FC200BC4208 /* MallocInfo.hpp in Headers */,
				BF84625F2AD1B489003B05F5 /* lsanMisc.hpp in Headers */,
				BF3204F02AC5C614004EC77E /* callstackHelper.hpp in Headers */,
				BF72C3CD2885CB9E00C7AE5C /* LeakSani.hpp in Headers */,
				BF621FE328A2B61E00414EE4 /* bytePrinter.hpp in Headers */,
				BFBF736A28832F8100BC4208 /* wrap_malloc.hpp in Headers */,
				BF49A5DA2899599300BC1FFD /* signalHandlers.hpp in Headers */,
				BF23A2E3289ED24200B17349 /* Stats.hpp in Headers */,
				BFAFADC728B4FDA40060076C /* formatter.hpp in Headers */,
			);
			runOnlyForDeploymentPostprocessing = 0;
		};
/* End PBXHeadersBuildPhase section */

/* Begin PBXNativeTarget section */
		BF0F131B29194652008F0FCD /* LeakSanitizer_shared */ = {
			isa = PBXNativeTarget;
			buildConfigurationList = BF0F132629194652008F0FCD /* Build configuration list for PBXNativeTarget "LeakSanitizer_shared" */;
			buildPhases = (
				BF0F131829194652008F0FCD /* Headers */,
				BF0F131929194652008F0FCD /* Sources */,
				BF0F131A29194652008F0FCD /* Frameworks */,
			);
			buildRules = (
			);
			dependencies = (
			);
			name = LeakSanitizer_shared;
			productName = lsan;
			productReference = BF0F131C29194652008F0FCD /* liblsan.dylib */;
			productType = "com.apple.product-type.library.dynamic";
		};
		BF97EB5528831E5B00DAF1FE /* LeakSanitizer */ = {
			isa = PBXNativeTarget;
			buildConfigurationList = BF97EB5A28831E5B00DAF1FE /* Build configuration list for PBXNativeTarget "LeakSanitizer" */;
			buildPhases = (
				BF97EB5228831E5B00DAF1FE /* Headers */,
				BF97EB5328831E5B00DAF1FE /* Sources */,
				BF97EB5428831E5B00DAF1FE /* Frameworks */,
			);
			buildRules = (
			);
			dependencies = (
			);
			name = LeakSanitizer;
			productName = LeakSanitizer;
			productReference = BF97EB5628831E5B00DAF1FE /* liblsan.a */;
			productType = "com.apple.product-type.library.static";
		};
/* End PBXNativeTarget section */

/* Begin PBXProject section */
		BF97EB4E28831E5B00DAF1FE /* Project object */ = {
			isa = PBXProject;
			attributes = {
				BuildIndependentTargetsInParallel = YES;
				LastUpgradeCheck = 1500;
				ORGANIZATIONNAME = mhahnFr;
				TargetAttributes = {
					BF0F131B29194652008F0FCD = {
						CreatedOnToolsVersion = 12.3;
					};
					BF97EB5528831E5B00DAF1FE = {
						CreatedOnToolsVersion = 11.6;
					};
				};
			};
			buildConfigurationList = BF97EB5128831E5B00DAF1FE /* Build configuration list for PBXProject "LeakSanitizer" */;
			compatibilityVersion = "Xcode 9.3";
			developmentRegion = en;
			hasScannedForEncodings = 0;
			knownRegions = (
				en,
				Base,
			);
			mainGroup = BF97EB4D28831E5B00DAF1FE;
			productRefGroup = BF97EB5728831E5B00DAF1FE /* Products */;
			projectDirPath = "";
			projectRoot = "";
			targets = (
				BF97EB5528831E5B00DAF1FE /* LeakSanitizer */,
				BF0F131B29194652008F0FCD /* LeakSanitizer_shared */,
			);
		};
/* End PBXProject section */

/* Begin PBXSourcesBuildPhase section */
		BF0F131929194652008F0FCD /* Sources */ = {
			isa = PBXSourcesBuildPhase;
			buildActionMask = 2147483647;
			files = (
				BF2C5CB52AEAB76F00DE2224 /* exceptionHandler.cpp in Sources */,
				BF0F133229194786008F0FCD /* bytePrinter.cpp in Sources */,
				BF0F13382919478E008F0FCD /* lsan_internals.cpp in Sources */,
				BF0F13352919478B008F0FCD /* lsan_stats.cpp in Sources */,
				BF84625E2AD1B489003B05F5 /* lsanMisc.cpp in Sources */,
				BF0F133B29194791008F0FCD /* LeakSani.cpp in Sources */,
				BF0F133E29194794008F0FCD /* Stats.cpp in Sources */,
				BF0F134129194797008F0FCD /* MallocInfo.cpp in Sources */,
				BF0F1347291947A2008F0FCD /* wrap_malloc.cpp in Sources */,
				BF4368F52AACF04700252E2A /* crashWarner.cpp in Sources */,
				BF3204EF2AC5C614004EC77E /* callstackHelper.cpp in Sources */,
				BFA41A402AB8BC1800DF6FAC /* init.cpp in Sources */,
				BF0F134D291947A8008F0FCD /* signalHandlers.cpp in Sources */,
			);
			runOnlyForDeploymentPostprocessing = 0;
		};
		BF97EB5328831E5B00DAF1FE /* Sources */ = {
			isa = PBXSourcesBuildPhase;
			buildActionMask = 2147483647;
			files = (
				BF2C5CB22AEAB75100DE2224 /* exceptionHandler.cpp in Sources */,
				BF49A5D92899599300BC1FFD /* signalHandlers.cpp in Sources */,
				BF23A2E2289ED24200B17349 /* Stats.cpp in Sources */,
				BF621FE228A2B61E00414EE4 /* bytePrinter.cpp in Sources */,
				BF84625D2AD1B489003B05F5 /* lsanMisc.cpp in Sources */,
				BF23A2DE289ECE6A00B17349 /* lsan_stats.cpp in Sources */,
				BF621FDD28A291DE00414EE4 /* lsan_internals.cpp in Sources */,
				BFBF736528831FC200BC4208 /* MallocInfo.cpp in Sources */,
				BF72C3CE2885CB9E00C7AE5C /* LeakSani.cpp in Sources */,
				BF4368F42AACF04700252E2A /* crashWarner.cpp in Sources */,
				BF3204EE2AC5C614004EC77E /* callstackHelper.cpp in Sources */,
				BFA41A3F2AB8BC1800DF6FAC /* init.cpp in Sources */,
				BFBF736828832C3300BC4208 /* wrap_malloc.cpp in Sources */,
			);
			runOnlyForDeploymentPostprocessing = 0;
		};
/* End PBXSourcesBuildPhase section */

/* Begin XCBuildConfiguration section */
		BF0F132429194652008F0FCD /* Debug */ = {
			isa = XCBuildConfiguration;
			buildSettings = {
				CLANG_CXX_LANGUAGE_STANDARD = "c++17";
				CLANG_WARN_QUOTED_INCLUDE_IN_FRAMEWORK_HEADER = YES;
				CODE_SIGN_STYLE = Automatic;
				DEAD_CODE_STRIPPING = YES;
				DYLIB_COMPATIBILITY_VERSION = 1;
				DYLIB_CURRENT_VERSION = 1;
				EXECUTABLE_PREFIX = lib;
				GCC_ENABLE_CPP_EXCEPTIONS = YES;
				GCC_ENABLE_CPP_RTTI = YES;
				GCC_SYMBOLS_PRIVATE_EXTERN = YES;
				LIBRARY_SEARCH_PATHS = (
					"$(inherited)",
					"$(PROJECT_DIR)/CallstackLibrary",
				);
				MACH_O_TYPE = mh_dylib;
				PRODUCT_MODULE_NAME = "$(PRODUCT_NAME:c99extidentifier)";
				PRODUCT_NAME = lsan;
				SKIP_INSTALL = YES;
			};
			name = Debug;
		};
		BF0F132529194652008F0FCD /* Release */ = {
			isa = XCBuildConfiguration;
			buildSettings = {
				CLANG_CXX_LANGUAGE_STANDARD = "c++17";
				CLANG_WARN_QUOTED_INCLUDE_IN_FRAMEWORK_HEADER = YES;
				CODE_SIGN_STYLE = Automatic;
				DEAD_CODE_STRIPPING = YES;
				DYLIB_COMPATIBILITY_VERSION = 1;
				DYLIB_CURRENT_VERSION = 1;
				EXECUTABLE_PREFIX = lib;
				GCC_ENABLE_CPP_EXCEPTIONS = YES;
				GCC_ENABLE_CPP_RTTI = YES;
				GCC_OPTIMIZATION_LEVEL = fast;
				GCC_SYMBOLS_PRIVATE_EXTERN = YES;
				LIBRARY_SEARCH_PATHS = (
					"$(inherited)",
					"$(PROJECT_DIR)/CallstackLibrary",
				);
				MACH_O_TYPE = mh_dylib;
				PRODUCT_MODULE_NAME = "$(PRODUCT_NAME:c99extidentifier)";
				PRODUCT_NAME = lsan;
				SKIP_INSTALL = YES;
			};
			name = Release;
		};
		BF97EB5828831E5B00DAF1FE /* Debug */ = {
			isa = XCBuildConfiguration;
			buildSettings = {
				ALWAYS_SEARCH_USER_PATHS = NO;
				CLANG_ANALYZER_NONNULL = YES;
				CLANG_ANALYZER_NUMBER_OBJECT_CONVERSION = YES_AGGRESSIVE;
				CLANG_CXX_LANGUAGE_STANDARD = "c++17";
				CLANG_CXX_LIBRARY = "libc++";
				CLANG_ENABLE_MODULES = YES;
				CLANG_ENABLE_OBJC_ARC = YES;
				CLANG_ENABLE_OBJC_WEAK = YES;
				CLANG_WARN_BLOCK_CAPTURE_AUTORELEASING = YES;
				CLANG_WARN_BOOL_CONVERSION = YES;
				CLANG_WARN_COMMA = YES;
				CLANG_WARN_CONSTANT_CONVERSION = YES;
				CLANG_WARN_DEPRECATED_OBJC_IMPLEMENTATIONS = YES;
				CLANG_WARN_DIRECT_OBJC_ISA_USAGE = YES_ERROR;
				CLANG_WARN_DOCUMENTATION_COMMENTS = YES;
				CLANG_WARN_EMPTY_BODY = YES;
				CLANG_WARN_ENUM_CONVERSION = YES;
				CLANG_WARN_INFINITE_RECURSION = YES;
				CLANG_WARN_INT_CONVERSION = YES;
				CLANG_WARN_NON_LITERAL_NULL_CONVERSION = YES;
				CLANG_WARN_OBJC_IMPLICIT_RETAIN_SELF = YES;
				CLANG_WARN_OBJC_LITERAL_CONVERSION = YES;
				CLANG_WARN_OBJC_ROOT_CLASS = YES_ERROR;
				CLANG_WARN_QUOTED_INCLUDE_IN_FRAMEWORK_HEADER = YES;
				CLANG_WARN_RANGE_LOOP_ANALYSIS = YES;
				CLANG_WARN_STRICT_PROTOTYPES = YES;
				CLANG_WARN_SUSPICIOUS_MOVE = YES;
				CLANG_WARN_UNGUARDED_AVAILABILITY = YES_AGGRESSIVE;
				CLANG_WARN_UNREACHABLE_CODE = YES;
				CLANG_WARN__DUPLICATE_METHOD_MATCH = YES;
				COPY_PHASE_STRIP = NO;
				DEAD_CODE_STRIPPING = YES;
				DEBUG_INFORMATION_FORMAT = dwarf;
				ENABLE_STRICT_OBJC_MSGSEND = YES;
				ENABLE_TESTABILITY = YES;
				GCC_C_LANGUAGE_STANDARD = gnu11;
				GCC_DYNAMIC_NO_PIC = NO;
				GCC_NO_COMMON_BLOCKS = YES;
				GCC_OPTIMIZATION_LEVEL = 0;
				GCC_PREPROCESSOR_DEFINITIONS = (
					"DEBUG=1",
					"$(inherited)",
				);
				GCC_WARN_64_TO_32_BIT_CONVERSION = YES;
				GCC_WARN_ABOUT_RETURN_TYPE = YES_ERROR;
				GCC_WARN_UNDECLARED_SELECTOR = YES;
				GCC_WARN_UNINITIALIZED_AUTOS = YES_AGGRESSIVE;
				GCC_WARN_UNUSED_FUNCTION = YES;
				GCC_WARN_UNUSED_VARIABLE = YES;
				MACOSX_DEPLOYMENT_TARGET = 10.15;
				MTL_ENABLE_DEBUG_INFO = INCLUDE_SOURCE;
				MTL_FAST_MATH = YES;
				ONLY_ACTIVE_ARCH = YES;
				SDKROOT = macosx;
			};
			name = Debug;
		};
		BF97EB5928831E5B00DAF1FE /* Release */ = {
			isa = XCBuildConfiguration;
			buildSettings = {
				ALWAYS_SEARCH_USER_PATHS = NO;
				CLANG_ANALYZER_NONNULL = YES;
				CLANG_ANALYZER_NUMBER_OBJECT_CONVERSION = YES_AGGRESSIVE;
				CLANG_CXX_LANGUAGE_STANDARD = "c++17";
				CLANG_CXX_LIBRARY = "libc++";
				CLANG_ENABLE_MODULES = YES;
				CLANG_ENABLE_OBJC_ARC = YES;
				CLANG_ENABLE_OBJC_WEAK = YES;
				CLANG_WARN_BLOCK_CAPTURE_AUTORELEASING = YES;
				CLANG_WARN_BOOL_CONVERSION = YES;
				CLANG_WARN_COMMA = YES;
				CLANG_WARN_CONSTANT_CONVERSION = YES;
				CLANG_WARN_DEPRECATED_OBJC_IMPLEMENTATIONS = YES;
				CLANG_WARN_DIRECT_OBJC_ISA_USAGE = YES_ERROR;
				CLANG_WARN_DOCUMENTATION_COMMENTS = YES;
				CLANG_WARN_EMPTY_BODY = YES;
				CLANG_WARN_ENUM_CONVERSION = YES;
				CLANG_WARN_INFINITE_RECURSION = YES;
				CLANG_WARN_INT_CONVERSION = YES;
				CLANG_WARN_NON_LITERAL_NULL_CONVERSION = YES;
				CLANG_WARN_OBJC_IMPLICIT_RETAIN_SELF = YES;
				CLANG_WARN_OBJC_LITERAL_CONVERSION = YES;
				CLANG_WARN_OBJC_ROOT_CLASS = YES_ERROR;
				CLANG_WARN_QUOTED_INCLUDE_IN_FRAMEWORK_HEADER = YES;
				CLANG_WARN_RANGE_LOOP_ANALYSIS = YES;
				CLANG_WARN_STRICT_PROTOTYPES = YES;
				CLANG_WARN_SUSPICIOUS_MOVE = YES;
				CLANG_WARN_UNGUARDED_AVAILABILITY = YES_AGGRESSIVE;
				CLANG_WARN_UNREACHABLE_CODE = YES;
				CLANG_WARN__DUPLICATE_METHOD_MATCH = YES;
				COPY_PHASE_STRIP = NO;
				DEAD_CODE_STRIPPING = YES;
				DEBUG_INFORMATION_FORMAT = "dwarf-with-dsym";
				ENABLE_NS_ASSERTIONS = NO;
				ENABLE_STRICT_OBJC_MSGSEND = YES;
				GCC_C_LANGUAGE_STANDARD = gnu11;
				GCC_NO_COMMON_BLOCKS = YES;
				GCC_WARN_64_TO_32_BIT_CONVERSION = YES;
				GCC_WARN_ABOUT_RETURN_TYPE = YES_ERROR;
				GCC_WARN_UNDECLARED_SELECTOR = YES;
				GCC_WARN_UNINITIALIZED_AUTOS = YES_AGGRESSIVE;
				GCC_WARN_UNUSED_FUNCTION = YES;
				GCC_WARN_UNUSED_VARIABLE = YES;
				MACOSX_DEPLOYMENT_TARGET = 10.15;
				MTL_ENABLE_DEBUG_INFO = NO;
				MTL_FAST_MATH = YES;
				SDKROOT = macosx;
			};
			name = Release;
		};
		BF97EB5B28831E5B00DAF1FE /* Debug */ = {
			isa = XCBuildConfiguration;
			buildSettings = {
				CLANG_CXX_LANGUAGE_STANDARD = "c++17";
				CODE_SIGN_STYLE = Automatic;
				DEAD_CODE_STRIPPING = YES;
				DEVELOPMENT_TEAM = F9JP96DAHT;
				EXECUTABLE_PREFIX = lib;
				GCC_OPTIMIZATION_LEVEL = fast;
				LIBRARY_SEARCH_PATHS = (
					"$(inherited)",
					"$(PROJECT_DIR)/CallstackLibrary",
				);
				PRODUCT_NAME = lsan;
				SKIP_INSTALL = YES;
			};
			name = Debug;
		};
		BF97EB5C28831E5B00DAF1FE /* Release */ = {
			isa = XCBuildConfiguration;
			buildSettings = {
				CLANG_CXX_LANGUAGE_STANDARD = "c++17";
				CODE_SIGN_STYLE = Automatic;
				DEAD_CODE_STRIPPING = YES;
				DEVELOPMENT_TEAM = F9JP96DAHT;
				EXECUTABLE_PREFIX = lib;
				GCC_OPTIMIZATION_LEVEL = fast;
				LIBRARY_SEARCH_PATHS = (
					"$(inherited)",
					"$(PROJECT_DIR)/CallstackLibrary",
				);
				PRODUCT_NAME = lsan;
				SKIP_INSTALL = YES;
			};
			name = Release;
		};
/* End XCBuildConfiguration section */

/* Begin XCConfigurationList section */
		BF0F132629194652008F0FCD /* Build configuration list for PBXNativeTarget "LeakSanitizer_shared" */ = {
			isa = XCConfigurationList;
			buildConfigurations = (
				BF0F132429194652008F0FCD /* Debug */,
				BF0F132529194652008F0FCD /* Release */,
			);
			defaultConfigurationIsVisible = 0;
			defaultConfigurationName = Release;
		};
		BF97EB5128831E5B00DAF1FE /* Build configuration list for PBXProject "LeakSanitizer" */ = {
			isa = XCConfigurationList;
			buildConfigurations = (
				BF97EB5828831E5B00DAF1FE /* Debug */,
				BF97EB5928831E5B00DAF1FE /* Release */,
			);
			defaultConfigurationIsVisible = 0;
			defaultConfigurationName = Release;
		};
		BF97EB5A28831E5B00DAF1FE /* Build configuration list for PBXNativeTarget "LeakSanitizer" */ = {
			isa = XCConfigurationList;
			buildConfigurations = (
				BF97EB5B28831E5B00DAF1FE /* Debug */,
				BF97EB5C28831E5B00DAF1FE /* Release */,
			);
			defaultConfigurationIsVisible = 0;
			defaultConfigurationName = Release;
		};
/* End XCConfigurationList section */
	};
	rootObject = BF97EB4E28831E5B00DAF1FE /* Project object */;
}
